// !$*UTF8*$!
{
	archiveVersion = 1;
	classes = {
	};
	objectVersion = 46;
	objects = {

/* Begin PBXBuildFile section */
		4D03D0031EE1AF8300C38DAE /* PastSeasonsStatsViewController.m in Sources */ = {isa = PBXBuildFile; fileRef = 4D03D0021EE1AF8300C38DAE /* PastSeasonsStatsViewController.m */; };
		4D03D0111EE2EE8D00C38DAE /* 2016_17_league.json in Resources */ = {isa = PBXBuildFile; fileRef = 4D03D00C1EE2EE8D00C38DAE /* 2016_17_league.json */; };
		4D03D0121EE2EE8D00C38DAE /* 2016_17_overall.html in Resources */ = {isa = PBXBuildFile; fileRef = 4D03D00D1EE2EE8D00C38DAE /* 2016_17_overall.html */; };
		4D03D0131EE2EE8D00C38DAE /* 2016_17_side_bets.json in Resources */ = {isa = PBXBuildFile; fileRef = 4D03D00E1EE2EE8D00C38DAE /* 2016_17_side_bets.json */; };
		4D03D0141EE2EE8D00C38DAE /* 2016_17_starting.html in Resources */ = {isa = PBXBuildFile; fileRef = 4D03D00F1EE2EE8D00C38DAE /* 2016_17_starting.html */; };
		4D03D0151EE2EE8D00C38DAE /* 2016_17_weeks.json in Resources */ = {isa = PBXBuildFile; fileRef = 4D03D0101EE2EE8D00C38DAE /* 2016_17_weeks.json */; };
		4D2A99CB1D47566800DCDB15 /* Util.m in Sources */ = {isa = PBXBuildFile; fileRef = 4D2A99CA1D47566800DCDB15 /* Util.m */; };
		4D2A99CE1D47628500DCDB15 /* DismissSegue.m in Sources */ = {isa = PBXBuildFile; fileRef = 4D2A99CD1D47628500DCDB15 /* DismissSegue.m */; };
		4D2A99D11D4762FA00DCDB15 /* WhoAreYaViewController.m in Sources */ = {isa = PBXBuildFile; fileRef = 4D2A99D01D4762FA00DCDB15 /* WhoAreYaViewController.m */; };
		4D2A9A481D47DEF600DCDB15 /* Airship in Resources */ = {isa = PBXBuildFile; fileRef = 4D2A9A471D47DEF600DCDB15 /* Airship */; };
		4D2A9A4A1D47DF0100DCDB15 /* AirshipKit in Resources */ = {isa = PBXBuildFile; fileRef = 4D2A9A491D47DF0100DCDB15 /* AirshipKit */; };
		4D2A9A511D47DF6700DCDB15 /* AirshipKit.framework in Frameworks */ = {isa = PBXBuildFile; fileRef = 4D2A9A501D47DF2000DCDB15 /* AirshipKit.framework */; };
		4D2A9A521D47DF6700DCDB15 /* AirshipKit.framework in Embed Frameworks */ = {isa = PBXBuildFile; fileRef = 4D2A9A501D47DF2000DCDB15 /* AirshipKit.framework */; settings = {ATTRIBUTES = (CodeSignOnCopy, RemoveHeadersOnCopy, ); }; };
		4D2A9A571D47DFC700DCDB15 /* AirshipConfig.plist in Resources */ = {isa = PBXBuildFile; fileRef = 4D2A9A561D47DFC700DCDB15 /* AirshipConfig.plist */; };
		4D2F6C061D5349DB005FD9BE /* LaunchScreenViewController.m in Sources */ = {isa = PBXBuildFile; fileRef = 4D2F6C051D5349DB005FD9BE /* LaunchScreenViewController.m */; };
		4D2F6C0B1D534BC2005FD9BE /* Splash.xib in Resources */ = {isa = PBXBuildFile; fileRef = 4D2F6C091D534BC2005FD9BE /* Splash.xib */; };
		4D2F6C0F1D535B1F005FD9BE /* AnimatedNumericLabel.m in Sources */ = {isa = PBXBuildFile; fileRef = 4D2F6C0E1D535B1F005FD9BE /* AnimatedNumericLabel.m */; };
		4D2F6C141D5362D4005FD9BE /* SoundEffect.m in Sources */ = {isa = PBXBuildFile; fileRef = 4D2F6C111D5362D4005FD9BE /* SoundEffect.m */; };
		4D2F6C151D5362D4005FD9BE /* SoundEffects.m in Sources */ = {isa = PBXBuildFile; fileRef = 4D2F6C131D5362D4005FD9BE /* SoundEffects.m */; };
		4D2F6C171D5363A3005FD9BE /* cash.wav in Resources */ = {isa = PBXBuildFile; fileRef = 4D2F6C161D5363A3005FD9BE /* cash.wav */; };
		4D327CE01FBF4B1A004A694A /* libCorePlot-CocoaTouch.a in Frameworks */ = {isa = PBXBuildFile; fileRef = 4D327CD71FBF4AFA004A694A /* libCorePlot-CocoaTouch.a */; };
		4D384F3B1F1A625D00C8E5F5 /* 2015_16_league.json in Resources */ = {isa = PBXBuildFile; fileRef = 4D384F391F1A625D00C8E5F5 /* 2015_16_league.json */; };
		4D384F3C1F1A625D00C8E5F5 /* 2015_16_weeks.json in Resources */ = {isa = PBXBuildFile; fileRef = 4D384F3A1F1A625D00C8E5F5 /* 2015_16_weeks.json */; };
		4D384F421F1A6F3700C8E5F5 /* 2014_15_league.json in Resources */ = {isa = PBXBuildFile; fileRef = 4D384F401F1A6F3700C8E5F5 /* 2014_15_league.json */; };
		4D384F431F1A6F3700C8E5F5 /* 2014_15_weeks.json in Resources */ = {isa = PBXBuildFile; fileRef = 4D384F411F1A6F3700C8E5F5 /* 2014_15_weeks.json */; };
		4D384F471F1CABF600C8E5F5 /* 2013_14_league.json in Resources */ = {isa = PBXBuildFile; fileRef = 4D384F451F1CABF600C8E5F5 /* 2013_14_league.json */; };
		4D384F481F1CABF600C8E5F5 /* 2013_14_weeks.json in Resources */ = {isa = PBXBuildFile; fileRef = 4D384F461F1CABF600C8E5F5 /* 2013_14_weeks.json */; };
		4D384F4E1F1F7B1D00C8E5F5 /* 2007_08_league.json in Resources */ = {isa = PBXBuildFile; fileRef = 4D384F4C1F1F7B1D00C8E5F5 /* 2007_08_league.json */; };
		4D384F4F1F1F7B1D00C8E5F5 /* 2007_08_weeks.json in Resources */ = {isa = PBXBuildFile; fileRef = 4D384F4D1F1F7B1D00C8E5F5 /* 2007_08_weeks.json */; };
		4D384F5F1F1F7FA200C8E5F5 /* 2006_07_league.json in Resources */ = {isa = PBXBuildFile; fileRef = 4D384F5D1F1F7FA200C8E5F5 /* 2006_07_league.json */; };
		4D384F601F1F7FA200C8E5F5 /* 2006_07_weeks.json in Resources */ = {isa = PBXBuildFile; fileRef = 4D384F5E1F1F7FA200C8E5F5 /* 2006_07_weeks.json */; };
		4D384F641F1F829F00C8E5F5 /* 2005_06_league.json in Resources */ = {isa = PBXBuildFile; fileRef = 4D384F621F1F829F00C8E5F5 /* 2005_06_league.json */; };
		4D384F651F1F829F00C8E5F5 /* 2005_06_weeks.json in Resources */ = {isa = PBXBuildFile; fileRef = 4D384F631F1F829F00C8E5F5 /* 2005_06_weeks.json */; };
		4D384F6C1F1F832B00C8E5F5 /* 2003_04_league.json in Resources */ = {isa = PBXBuildFile; fileRef = 4D384F671F1F832B00C8E5F5 /* 2003_04_league.json */; };
		4D384F6D1F1F832B00C8E5F5 /* 2003_04_weeks.json in Resources */ = {isa = PBXBuildFile; fileRef = 4D384F681F1F832B00C8E5F5 /* 2003_04_weeks.json */; };
		4D384F6E1F1F832B00C8E5F5 /* 2004_05_league.json in Resources */ = {isa = PBXBuildFile; fileRef = 4D384F6A1F1F832B00C8E5F5 /* 2004_05_league.json */; };
		4D384F6F1F1F832B00C8E5F5 /* 2004_05_weeks.json in Resources */ = {isa = PBXBuildFile; fileRef = 4D384F6B1F1F832B00C8E5F5 /* 2004_05_weeks.json */; };
		4D3B56691D44E1EA00267C95 /* main.m in Sources */ = {isa = PBXBuildFile; fileRef = 4D3B56681D44E1EA00267C95 /* main.m */; };
		4D3B566C1D44E1EA00267C95 /* AppDelegate.m in Sources */ = {isa = PBXBuildFile; fileRef = 4D3B566B1D44E1EA00267C95 /* AppDelegate.m */; };
		4D3B56751D44E1EA00267C95 /* Main.storyboard in Resources */ = {isa = PBXBuildFile; fileRef = 4D3B56731D44E1EA00267C95 /* Main.storyboard */; };
		4D3B56771D44E1EA00267C95 /* Assets.xcassets in Resources */ = {isa = PBXBuildFile; fileRef = 4D3B56761D44E1EA00267C95 /* Assets.xcassets */; };
		4D3B567A1D44E1EA00267C95 /* LaunchScreen.storyboard in Resources */ = {isa = PBXBuildFile; fileRef = 4D3B56781D44E1EA00267C95 /* LaunchScreen.storyboard */; };
		4D3B56851D44E1EA00267C95 /* FantasyFootballUITests.m in Sources */ = {isa = PBXBuildFile; fileRef = 4D3B56841D44E1EA00267C95 /* FantasyFootballUITests.m */; };
		4D3B56961D44FD7000267C95 /* LeagueViewController.m in Sources */ = {isa = PBXBuildFile; fileRef = 4D3B56951D44FD7000267C95 /* LeagueViewController.m */; };
		4D3B56991D4504F400267C95 /* Team.m in Sources */ = {isa = PBXBuildFile; fileRef = 4D3B56981D4504F400267C95 /* Team.m */; };
		4D3B569C1D4512D400267C95 /* teams.json in Resources */ = {isa = PBXBuildFile; fileRef = 4D3B569B1D4512D400267C95 /* teams.json */; };
		4D3B569F1D45137F00267C95 /* DataManager.m in Sources */ = {isa = PBXBuildFile; fileRef = 4D3B569E1D45137F00267C95 /* DataManager.m */; };
		4D3B56A21D4515F000267C95 /* TeamManager.m in Sources */ = {isa = PBXBuildFile; fileRef = 4D3B56A11D4515F000267C95 /* TeamManager.m */; };
		4D3B56A71D453D0300267C95 /* GoldenBootViewController.m in Sources */ = {isa = PBXBuildFile; fileRef = 4D3B56A61D453D0300267C95 /* GoldenBootViewController.m */; };
		4D4803F41F191D2200E9D700 /* league_debug.json in Resources */ = {isa = PBXBuildFile; fileRef = 4D4803F31F191D2200E9D700 /* league_debug.json */; };
		4D4804041F1921EA00E9D700 /* 2012_13_league.json in Resources */ = {isa = PBXBuildFile; fileRef = 4D4804021F1921EA00E9D700 /* 2012_13_league.json */; };
		4D4804051F1921EA00E9D700 /* 2012_13_weeks.json in Resources */ = {isa = PBXBuildFile; fileRef = 4D4804031F1921EA00E9D700 /* 2012_13_weeks.json */; };
		4D4804091F1CAF6D00E9D700 /* Weeks.csv in Resources */ = {isa = PBXBuildFile; fileRef = 4D4804081F1CAF6D00E9D700 /* Weeks.csv */; };
		4D4804191F1CBD6B00E9D700 /* 2011_12_league.json in Resources */ = {isa = PBXBuildFile; fileRef = 4D4804171F1CBD6B00E9D700 /* 2011_12_league.json */; };
		4D48041A1F1CBD6B00E9D700 /* 2011_12_weeks.json in Resources */ = {isa = PBXBuildFile; fileRef = 4D4804181F1CBD6B00E9D700 /* 2011_12_weeks.json */; };
		4D48041E1F1CCDAB00E9D700 /* 2010_11_league.json in Resources */ = {isa = PBXBuildFile; fileRef = 4D48041C1F1CCDAB00E9D700 /* 2010_11_league.json */; };
		4D48041F1F1CCDAB00E9D700 /* 2010_11_weeks.json in Resources */ = {isa = PBXBuildFile; fileRef = 4D48041D1F1CCDAB00E9D700 /* 2010_11_weeks.json */; };
		4D4804231F1CF84E00E9D700 /* 2009_10_league.json in Resources */ = {isa = PBXBuildFile; fileRef = 4D4804211F1CF84E00E9D700 /* 2009_10_league.json */; };
		4D4804241F1CF84E00E9D700 /* 2009_10_weeks.json in Resources */ = {isa = PBXBuildFile; fileRef = 4D4804221F1CF84E00E9D700 /* 2009_10_weeks.json */; };
		4D4804281F1D02F700E9D700 /* 2008_09_league.json in Resources */ = {isa = PBXBuildFile; fileRef = 4D4804261F1D02F700E9D700 /* 2008_09_league.json */; };
		4D4804291F1D02F700E9D700 /* 2008_09_weeks.json in Resources */ = {isa = PBXBuildFile; fileRef = 4D4804271F1D02F700E9D700 /* 2008_09_weeks.json */; };
		4D48042D1F20B7D000E9D700 /* 2003_04_side_bets.json in Resources */ = {isa = PBXBuildFile; fileRef = 4D48042C1F20B7D000E9D700 /* 2003_04_side_bets.json */; };
		4D48043B1F20BE2100E9D700 /* 2004_05_side_bets.json in Resources */ = {isa = PBXBuildFile; fileRef = 4D48043A1F20BE2100E9D700 /* 2004_05_side_bets.json */; };
		4D48043D1F20C04100E9D700 /* 2005_06_side_bets.json in Resources */ = {isa = PBXBuildFile; fileRef = 4D48043C1F20C04100E9D700 /* 2005_06_side_bets.json */; };
		4D48043F1F20C20100E9D700 /* 2006_07_side_bets.json in Resources */ = {isa = PBXBuildFile; fileRef = 4D48043E1F20C20100E9D700 /* 2006_07_side_bets.json */; };
		4D4804411F20C39500E9D700 /* 2007_08_side_bets.json in Resources */ = {isa = PBXBuildFile; fileRef = 4D4804401F20C39500E9D700 /* 2007_08_side_bets.json */; };
		4D4804431F20C58200E9D700 /* 2008_09_side_bets.json in Resources */ = {isa = PBXBuildFile; fileRef = 4D4804421F20C58200E9D700 /* 2008_09_side_bets.json */; };
		4D4804451F20C8D100E9D700 /* 2009_10_side_bets.json in Resources */ = {isa = PBXBuildFile; fileRef = 4D4804441F20C8D100E9D700 /* 2009_10_side_bets.json */; };
		4D4804471F20DFAC00E9D700 /* 2010_11_side_bets.json in Resources */ = {isa = PBXBuildFile; fileRef = 4D4804461F20DFAC00E9D700 /* 2010_11_side_bets.json */; };
		4D4804491F20E23D00E9D700 /* 2011_12_side_bets.json in Resources */ = {isa = PBXBuildFile; fileRef = 4D4804481F20E23D00E9D700 /* 2011_12_side_bets.json */; };
		4D48044B1F20E56600E9D700 /* 2012_13_side_bets.json in Resources */ = {isa = PBXBuildFile; fileRef = 4D48044A1F20E56600E9D700 /* 2012_13_side_bets.json */; };
		4D48044D1F20E7D500E9D700 /* 2013_14_side_bets.json in Resources */ = {isa = PBXBuildFile; fileRef = 4D48044C1F20E7D500E9D700 /* 2013_14_side_bets.json */; };
		4D48044F1F20ECAB00E9D700 /* 2014_15_side_bets.json in Resources */ = {isa = PBXBuildFile; fileRef = 4D48044E1F20ECAB00E9D700 /* 2014_15_side_bets.json */; };
		4D4804511F20F1B500E9D700 /* 2015_16_side_bets.json in Resources */ = {isa = PBXBuildFile; fileRef = 4D4804501F20F1B500E9D700 /* 2015_16_side_bets.json */; };
		4D4D511A1D5603A600CCED96 /* teams_debug.json in Resources */ = {isa = PBXBuildFile; fileRef = 4D4D51191D5603A600CCED96 /* teams_debug.json */; };
		4D4D511D1D56244C00CCED96 /* ManagerStatsViewController.m in Sources */ = {isa = PBXBuildFile; fileRef = 4D4D511C1D56244C00CCED96 /* ManagerStatsViewController.m */; };
		4D4D511F1D56250C00CCED96 /* manager_stats.json in Resources */ = {isa = PBXBuildFile; fileRef = 4D4D511E1D56250C00CCED96 /* manager_stats.json */; };
		4D4D51221D56298800CCED96 /* ManagerStatsDetailViewController.m in Sources */ = {isa = PBXBuildFile; fileRef = 4D4D51211D56298800CCED96 /* ManagerStatsDetailViewController.m */; };
		4D4D51251D562D9600CCED96 /* StatsKeyValueViewController.m in Sources */ = {isa = PBXBuildFile; fileRef = 4D4D51241D562D9600CCED96 /* StatsKeyValueViewController.m */; };
		4D4D51281D59F08300CCED96 /* DINLTStatsViewController.m in Sources */ = {isa = PBXBuildFile; fileRef = 4D4D51271D59F08300CCED96 /* DINLTStatsViewController.m */; };
		4D4D512B1D5A3EBD00CCED96 /* do_i_not_like_that.wav in Resources */ = {isa = PBXBuildFile; fileRef = 4D4D51291D5A3EBD00CCED96 /* do_i_not_like_that.wav */; };
		4D4D512E1D5A405800CCED96 /* ooh_do_i_not_like_that.wav in Resources */ = {isa = PBXBuildFile; fileRef = 4D4D512D1D5A405800CCED96 /* ooh_do_i_not_like_that.wav */; };
		4D4D51301D5C8EB500CCED96 /* toilet.wav in Resources */ = {isa = PBXBuildFile; fileRef = 4D4D512F1D5C8EB500CCED96 /* toilet.wav */; };
		4D4D51401D5C98D800CCED96 /* can_we_not_knock_it.wav in Resources */ = {isa = PBXBuildFile; fileRef = 4D4D51311D5C98D800CCED96 /* can_we_not_knock_it.wav */; };
		4D4D51411D5C98D800CCED96 /* carlton_started_it.wav in Resources */ = {isa = PBXBuildFile; fileRef = 4D4D51321D5C98D800CCED96 /* carlton_started_it.wav */; };
		4D4D51421D5C98D800CCED96 /* disgraceful.wav in Resources */ = {isa = PBXBuildFile; fileRef = 4D4D51331D5C98D800CCED96 /* disgraceful.wav */; };
		4D4D51431D5C98D800CCED96 /* gotta_go_big.wav in Resources */ = {isa = PBXBuildFile; fileRef = 4D4D51341D5C98D800CCED96 /* gotta_go_big.wav */; };
		4D4D51441D5C98D800CCED96 /* hit_les.wav in Resources */ = {isa = PBXBuildFile; fileRef = 4D4D51351D5C98D800CCED96 /* hit_les.wav */; };
		4D4D51451D5C98D800CCED96 /* i_sweat_a_lot.wav in Resources */ = {isa = PBXBuildFile; fileRef = 4D4D51361D5C98D800CCED96 /* i_sweat_a_lot.wav */; };
		4D4D51461D5C98D800CCED96 /* if_you_were_one_of_my_players.wav in Resources */ = {isa = PBXBuildFile; fileRef = 4D4D51371D5C98D800CCED96 /* if_you_were_one_of_my_players.wav */; };
		4D4D51471D5C98D800CCED96 /* made_for_wrighty.wav in Resources */ = {isa = PBXBuildFile; fileRef = 4D4D51381D5C98D800CCED96 /* made_for_wrighty.wav */; };
		4D4D51481D5C98D800CCED96 /* platty.wav in Resources */ = {isa = PBXBuildFile; fileRef = 4D4D51391D5C98D800CCED96 /* platty.wav */; };
		4D4D51491D5C98D800CCED96 /* right_to_the_death.wav in Resources */ = {isa = PBXBuildFile; fileRef = 4D4D513A1D5C98D800CCED96 /* right_to_the_death.wav */; };
		4D4D514A1D5C98D800CCED96 /* sharpey.wav in Resources */ = {isa = PBXBuildFile; fileRef = 4D4D513B1D5C98D800CCED96 /* sharpey.wav */; };
		4D4D514B1D5C98D800CCED96 /* tuck_in_more.wav in Resources */ = {isa = PBXBuildFile; fileRef = 4D4D513C1D5C98D800CCED96 /* tuck_in_more.wav */; };
		4D4D514C1D5C98D800CCED96 /* we_are_in_trouble.wav in Resources */ = {isa = PBXBuildFile; fileRef = 4D4D513D1D5C98D800CCED96 /* we_are_in_trouble.wav */; };
		4D4D514D1D5C98D800CCED96 /* you_cannot_wait.wav in Resources */ = {isa = PBXBuildFile; fileRef = 4D4D513E1D5C98D800CCED96 /* you_cannot_wait.wav */; };
		4D4D514E1D5C98D800CCED96 /* you_know_weve_been_cheated.wav in Resources */ = {isa = PBXBuildFile; fileRef = 4D4D513F1D5C98D800CCED96 /* you_know_weve_been_cheated.wav */; };
		4D70546E1D4A4FF80039B4AE /* teams_test.json in Resources */ = {isa = PBXBuildFile; fileRef = 4D70546D1D4A4FF80039B4AE /* teams_test.json */; };
		4D7054721D4A6EDB0039B4AE /* Fabric.framework in Frameworks */ = {isa = PBXBuildFile; fileRef = 4D7054701D4A6EDB0039B4AE /* Fabric.framework */; };
		4D7054731D4A6EDB0039B4AE /* Crashlytics.framework in Frameworks */ = {isa = PBXBuildFile; fileRef = 4D7054711D4A6EDB0039B4AE /* Crashlytics.framework */; };
		4DA309B51D89B82E0000A4F7 /* FUCupViewController.m in Sources */ = {isa = PBXBuildFile; fileRef = 4DA309B41D89B82E0000A4F7 /* FUCupViewController.m */; };
		4DA309B81D89BBCE0000A4F7 /* CupRound.m in Sources */ = {isa = PBXBuildFile; fileRef = 4DA309B71D89BBCE0000A4F7 /* CupRound.m */; };
		4DA456271D50F08E004D24D8 /* SideBetsViewController.m in Sources */ = {isa = PBXBuildFile; fileRef = 4DA456261D50F08E004D24D8 /* SideBetsViewController.m */; };
		4DA456291D50FD59004D24D8 /* side_bets.json in Resources */ = {isa = PBXBuildFile; fileRef = 4DA456281D50FD59004D24D8 /* side_bets.json */; };
		4DB621BF1D4E199800E1F528 /* TeamWeek.m in Sources */ = {isa = PBXBuildFile; fileRef = 4DB621BE1D4E199800E1F528 /* TeamWeek.m */; };
		4DB621C21D4E56B700E1F528 /* Week.m in Sources */ = {isa = PBXBuildFile; fileRef = 4DB621C11D4E56B700E1F528 /* Week.m */; };
		4DBCF0C11DBFB8AC00894B04 /* TFHpple.m in Sources */ = {isa = PBXBuildFile; fileRef = 4DBCF0BC1DBFB8AC00894B04 /* TFHpple.m */; };
		4DBCF0C21DBFB8AC00894B04 /* TFHppleElement.m in Sources */ = {isa = PBXBuildFile; fileRef = 4DBCF0BE1DBFB8AC00894B04 /* TFHppleElement.m */; };
		4DBCF0C31DBFB8AC00894B04 /* XPathQuery.m in Sources */ = {isa = PBXBuildFile; fileRef = 4DBCF0C01DBFB8AC00894B04 /* XPathQuery.m */; };
		4DBCF0C91DBFB96200894B04 /* libxml2.tbd in Frameworks */ = {isa = PBXBuildFile; fileRef = 4DBCF0C51DBFB8C400894B04 /* libxml2.tbd */; };
		4DBCF0CD1DC125CF00894B04 /* league.json in Resources */ = {isa = PBXBuildFile; fileRef = 4DBCF0CC1DC125CF00894B04 /* league.json */; };
		4DD47C991D4D3240008D64A7 /* StatsViewController.m in Sources */ = {isa = PBXBuildFile; fileRef = 4DD47C981D4D3240008D64A7 /* StatsViewController.m */; };
		4DD49F7620B5C005007FB56D /* 2017_18_side_bets.json in Resources */ = {isa = PBXBuildFile; fileRef = 4DD49F7120B5C005007FB56D /* 2017_18_side_bets.json */; };
		4DD49F7720B5C005007FB56D /* 2017_18_overall.html in Resources */ = {isa = PBXBuildFile; fileRef = 4DD49F7220B5C005007FB56D /* 2017_18_overall.html */; };
		4DD49F7820B5C005007FB56D /* 2017_18_league.json in Resources */ = {isa = PBXBuildFile; fileRef = 4DD49F7320B5C005007FB56D /* 2017_18_league.json */; };
		4DD49F7920B5C005007FB56D /* 2017_18_weeks.json in Resources */ = {isa = PBXBuildFile; fileRef = 4DD49F7420B5C005007FB56D /* 2017_18_weeks.json */; };
		4DD49F7A20B5C005007FB56D /* 2017_18_starting.html in Resources */ = {isa = PBXBuildFile; fileRef = 4DD49F7520B5C005007FB56D /* 2017_18_starting.html */; };
		4DE26F951D64C0DB008DB3B8 /* MBProgressHUD.m in Sources */ = {isa = PBXBuildFile; fileRef = 4DE26F941D64C0DB008DB3B8 /* MBProgressHUD.m */; };
		4DEDB3D21E61D60500A7CDC3 /* Charts.xib in Resources */ = {isa = PBXBuildFile; fileRef = 4DEDB3D11E61D60500A7CDC3 /* Charts.xib */; };
		4DEDB4091E61D6D800A7CDC3 /* TeamCharts.m in Sources */ = {isa = PBXBuildFile; fileRef = 4DEDB4081E61D6D800A7CDC3 /* TeamCharts.m */; };
		4DEDB40B1E61D78900A7CDC3 /* QuartzCore.framework in Frameworks */ = {isa = PBXBuildFile; fileRef = 4DEDB40A1E61D78900A7CDC3 /* QuartzCore.framework */; };
		4DEDB40D1E61D78E00A7CDC3 /* Accelerate.framework in Frameworks */ = {isa = PBXBuildFile; fileRef = 4DEDB40C1E61D78E00A7CDC3 /* Accelerate.framework */; };
		4DEDB4101E61D81E00A7CDC3 /* TeamChartsView.m in Sources */ = {isa = PBXBuildFile; fileRef = 4DEDB40F1E61D81E00A7CDC3 /* TeamChartsView.m */; };
		4DEDB4131E61D86F00A7CDC3 /* ChartValues.m in Sources */ = {isa = PBXBuildFile; fileRef = 4DEDB4121E61D86F00A7CDC3 /* ChartValues.m */; };
		4DEDB4161E61D8F900A7CDC3 /* CoreGraphics.m in Sources */ = {isa = PBXBuildFile; fileRef = 4DEDB4151E61D8F900A7CDC3 /* CoreGraphics.m */; };
		4DEDB41C1E61DA3C00A7CDC3 /* CoreGraphics.framework in Frameworks */ = {isa = PBXBuildFile; fileRef = 4DEDB41B1E61DA3C00A7CDC3 /* CoreGraphics.framework */; };
		4DEDB41F1E61DAC700A7CDC3 /* UIBuilder.m in Sources */ = {isa = PBXBuildFile; fileRef = 4DEDB41E1E61DAC700A7CDC3 /* UIBuilder.m */; };
		4DEDB4241E61DC6700A7CDC3 /* CGPointUtils.m in Sources */ = {isa = PBXBuildFile; fileRef = 4DEDB4231E61DC6700A7CDC3 /* CGPointUtils.m */; };
		4DF2411D1D461F0600AF4F1A /* MOTMViewController.m in Sources */ = {isa = PBXBuildFile; fileRef = 4DF2411C1D461F0600AF4F1A /* MOTMViewController.m */; };
		4DF241201D46302100AF4F1A /* Month.m in Sources */ = {isa = PBXBuildFile; fileRef = 4DF2411F1D46302100AF4F1A /* Month.m */; };
		4DF241231D463F9900AF4F1A /* TeamDetailViewController.m in Sources */ = {isa = PBXBuildFile; fileRef = 4DF241221D463F9900AF4F1A /* TeamDetailViewController.m */; };
/* End PBXBuildFile section */

/* Begin PBXContainerItemProxy section */
		4D2A9A4F1D47DF2000DCDB15 /* PBXContainerItemProxy */ = {
			isa = PBXContainerItemProxy;
			containerPortal = 4D2A9A4B1D47DF2000DCDB15 /* AirshipKit.xcodeproj */;
			proxyType = 2;
			remoteGlobalIDString = 494DD9571B0EB677009C134E;
			remoteInfo = AirshipKit;
		};
		4D2A9A531D47DF6700DCDB15 /* PBXContainerItemProxy */ = {
			isa = PBXContainerItemProxy;
			containerPortal = 4D2A9A4B1D47DF2000DCDB15 /* AirshipKit.xcodeproj */;
			proxyType = 1;
			remoteGlobalIDString = 494DD9561B0EB677009C134E;
			remoteInfo = AirshipKit;
		};
		4D327CCE1FBF4AFA004A694A /* PBXContainerItemProxy */ = {
			isa = PBXContainerItemProxy;
			containerPortal = 4D327CBE1FBF4AF9004A694A /* CorePlot.xcodeproj */;
			proxyType = 2;
			remoteGlobalIDString = 8DC2EF5B0486A6940098B216;
			remoteInfo = "CorePlot Mac";
		};
		4D327CD01FBF4AFA004A694A /* PBXContainerItemProxy */ = {
			isa = PBXContainerItemProxy;
			containerPortal = 4D327CBE1FBF4AF9004A694A /* CorePlot.xcodeproj */;
			proxyType = 2;
			remoteGlobalIDString = 0730F600109492D800E95162;
			remoteInfo = "UnitTests Mac";
		};
		4D327CD21FBF4AFA004A694A /* PBXContainerItemProxy */ = {
			isa = PBXContainerItemProxy;
			containerPortal = 4D327CBE1FBF4AF9004A694A /* CorePlot.xcodeproj */;
			proxyType = 2;
			remoteGlobalIDString = C38A09781A46185200D45436;
			remoteInfo = "CorePlot iOS";
		};
		4D327CD41FBF4AFA004A694A /* PBXContainerItemProxy */ = {
			isa = PBXContainerItemProxy;
			containerPortal = 4D327CBE1FBF4AF9004A694A /* CorePlot.xcodeproj */;
			proxyType = 2;
			remoteGlobalIDString = C38A09821A46185300D45436;
			remoteInfo = "UnitTests iOS";
		};
		4D327CD61FBF4AFA004A694A /* PBXContainerItemProxy */ = {
			isa = PBXContainerItemProxy;
			containerPortal = 4D327CBE1FBF4AF9004A694A /* CorePlot.xcodeproj */;
			proxyType = 2;
			remoteGlobalIDString = C38A09BA1A4619A900D45436;
			remoteInfo = "CorePlot-CocoaTouch";
		};
		4D327CD81FBF4AFA004A694A /* PBXContainerItemProxy */ = {
			isa = PBXContainerItemProxy;
			containerPortal = 4D327CBE1FBF4AF9004A694A /* CorePlot.xcodeproj */;
			proxyType = 2;
			remoteGlobalIDString = C38A09C41A4619A900D45436;
			remoteInfo = "CorePlot-CocoaTouchTests";
		};
		4D327CDA1FBF4AFA004A694A /* PBXContainerItemProxy */ = {
			isa = PBXContainerItemProxy;
			containerPortal = 4D327CBE1FBF4AF9004A694A /* CorePlot.xcodeproj */;
			proxyType = 2;
			remoteGlobalIDString = C37EA6921BC83F2A0091C8F7;
			remoteInfo = "CorePlot tvOS";
		};
		4D327CDC1FBF4AFA004A694A /* PBXContainerItemProxy */ = {
			isa = PBXContainerItemProxy;
			containerPortal = 4D327CBE1FBF4AF9004A694A /* CorePlot.xcodeproj */;
			proxyType = 2;
			remoteGlobalIDString = C37EA6B71BC83F2D0091C8F7;
			remoteInfo = "UnitTests tvOS";
		};
		4D327CDE1FBF4B13004A694A /* PBXContainerItemProxy */ = {
			isa = PBXContainerItemProxy;
			containerPortal = 4D327CBE1FBF4AF9004A694A /* CorePlot.xcodeproj */;
			proxyType = 1;
			remoteGlobalIDString = C38A09B91A4619A900D45436;
			remoteInfo = "CorePlot-CocoaTouch";
		};
		4D3B56811D44E1EA00267C95 /* PBXContainerItemProxy */ = {
			isa = PBXContainerItemProxy;
			containerPortal = 4D3B565C1D44E1EA00267C95 /* Project object */;
			proxyType = 1;
			remoteGlobalIDString = 4D3B56631D44E1EA00267C95;
			remoteInfo = FantasyFootball;
		};
/* End PBXContainerItemProxy section */

/* Begin PBXCopyFilesBuildPhase section */
		4D2A9A551D47DF6800DCDB15 /* Embed Frameworks */ = {
			isa = PBXCopyFilesBuildPhase;
			buildActionMask = 2147483647;
			dstPath = "";
			dstSubfolderSpec = 10;
			files = (
				4D2A9A521D47DF6700DCDB15 /* AirshipKit.framework in Embed Frameworks */,
			);
			name = "Embed Frameworks";
			runOnlyForDeploymentPostprocessing = 0;
		};
/* End PBXCopyFilesBuildPhase section */

/* Begin PBXFileReference section */
		4D03D0021EE1AF8300C38DAE /* PastSeasonsStatsViewController.m */ = {isa = PBXFileReference; fileEncoding = 4; lastKnownFileType = sourcecode.c.objc; path = PastSeasonsStatsViewController.m; sourceTree = "<group>"; };
		4D03D0041EE1B54D00C38DAE /* PastSeasonsStatsViewController.h */ = {isa = PBXFileReference; fileEncoding = 4; lastKnownFileType = sourcecode.c.h; path = PastSeasonsStatsViewController.h; sourceTree = "<group>"; };
		4D03D00C1EE2EE8D00C38DAE /* 2016_17_league.json */ = {isa = PBXFileReference; fileEncoding = 4; lastKnownFileType = text.json; path = 2016_17_league.json; sourceTree = "<group>"; };
		4D03D00D1EE2EE8D00C38DAE /* 2016_17_overall.html */ = {isa = PBXFileReference; fileEncoding = 4; lastKnownFileType = text.html; path = 2016_17_overall.html; sourceTree = "<group>"; };
		4D03D00E1EE2EE8D00C38DAE /* 2016_17_side_bets.json */ = {isa = PBXFileReference; fileEncoding = 4; lastKnownFileType = text.json; path = 2016_17_side_bets.json; sourceTree = "<group>"; };
		4D03D00F1EE2EE8D00C38DAE /* 2016_17_starting.html */ = {isa = PBXFileReference; fileEncoding = 4; lastKnownFileType = text.html; path = 2016_17_starting.html; sourceTree = "<group>"; };
		4D03D0101EE2EE8D00C38DAE /* 2016_17_weeks.json */ = {isa = PBXFileReference; fileEncoding = 4; lastKnownFileType = text.json; path = 2016_17_weeks.json; sourceTree = "<group>"; };
		4D2A99C91D47566800DCDB15 /* Util.h */ = {isa = PBXFileReference; fileEncoding = 4; lastKnownFileType = sourcecode.c.h; path = Util.h; sourceTree = "<group>"; };
		4D2A99CA1D47566800DCDB15 /* Util.m */ = {isa = PBXFileReference; fileEncoding = 4; lastKnownFileType = sourcecode.c.objc; path = Util.m; sourceTree = "<group>"; };
		4D2A99CC1D47628500DCDB15 /* DismissSegue.h */ = {isa = PBXFileReference; fileEncoding = 4; lastKnownFileType = sourcecode.c.h; path = DismissSegue.h; sourceTree = "<group>"; };
		4D2A99CD1D47628500DCDB15 /* DismissSegue.m */ = {isa = PBXFileReference; fileEncoding = 4; lastKnownFileType = sourcecode.c.objc; path = DismissSegue.m; sourceTree = "<group>"; };
		4D2A99CF1D4762FA00DCDB15 /* WhoAreYaViewController.h */ = {isa = PBXFileReference; fileEncoding = 4; lastKnownFileType = sourcecode.c.h; path = WhoAreYaViewController.h; sourceTree = "<group>"; };
		4D2A99D01D4762FA00DCDB15 /* WhoAreYaViewController.m */ = {isa = PBXFileReference; fileEncoding = 4; lastKnownFileType = sourcecode.c.objc; path = WhoAreYaViewController.m; sourceTree = "<group>"; };
		4D2A9A471D47DEF600DCDB15 /* Airship */ = {isa = PBXFileReference; lastKnownFileType = folder; path = Airship; sourceTree = "<group>"; };
		4D2A9A491D47DF0100DCDB15 /* AirshipKit */ = {isa = PBXFileReference; lastKnownFileType = folder; path = AirshipKit; sourceTree = "<group>"; };
		4D2A9A4B1D47DF2000DCDB15 /* AirshipKit.xcodeproj */ = {isa = PBXFileReference; lastKnownFileType = "wrapper.pb-project"; name = AirshipKit.xcodeproj; path = "../UrbanAirship-7.2.0/AirshipKit/AirshipKit.xcodeproj"; sourceTree = "<group>"; };
		4D2A9A561D47DFC700DCDB15 /* AirshipConfig.plist */ = {isa = PBXFileReference; fileEncoding = 4; lastKnownFileType = text.plist.xml; path = AirshipConfig.plist; sourceTree = "<group>"; };
		4D2A9A581D48B49E00DCDB15 /* Constants.h */ = {isa = PBXFileReference; fileEncoding = 4; lastKnownFileType = sourcecode.c.h; path = Constants.h; sourceTree = "<group>"; };
		4D2F6C041D5349DB005FD9BE /* LaunchScreenViewController.h */ = {isa = PBXFileReference; fileEncoding = 4; lastKnownFileType = sourcecode.c.h; path = LaunchScreenViewController.h; sourceTree = "<group>"; };
		4D2F6C051D5349DB005FD9BE /* LaunchScreenViewController.m */ = {isa = PBXFileReference; fileEncoding = 4; lastKnownFileType = sourcecode.c.objc; path = LaunchScreenViewController.m; sourceTree = "<group>"; };
		4D2F6C091D534BC2005FD9BE /* Splash.xib */ = {isa = PBXFileReference; fileEncoding = 4; lastKnownFileType = file.xib; path = Splash.xib; sourceTree = "<group>"; };
		4D2F6C0D1D535B1F005FD9BE /* AnimatedNumericLabel.h */ = {isa = PBXFileReference; fileEncoding = 4; lastKnownFileType = sourcecode.c.h; path = AnimatedNumericLabel.h; sourceTree = "<group>"; };
		4D2F6C0E1D535B1F005FD9BE /* AnimatedNumericLabel.m */ = {isa = PBXFileReference; fileEncoding = 4; lastKnownFileType = sourcecode.c.objc; path = AnimatedNumericLabel.m; sourceTree = "<group>"; };
		4D2F6C101D5362D4005FD9BE /* SoundEffect.h */ = {isa = PBXFileReference; fileEncoding = 4; lastKnownFileType = sourcecode.c.h; path = SoundEffect.h; sourceTree = "<group>"; };
		4D2F6C111D5362D4005FD9BE /* SoundEffect.m */ = {isa = PBXFileReference; fileEncoding = 4; lastKnownFileType = sourcecode.c.objc; path = SoundEffect.m; sourceTree = "<group>"; };
		4D2F6C121D5362D4005FD9BE /* SoundEffects.h */ = {isa = PBXFileReference; fileEncoding = 4; lastKnownFileType = sourcecode.c.h; path = SoundEffects.h; sourceTree = "<group>"; };
		4D2F6C131D5362D4005FD9BE /* SoundEffects.m */ = {isa = PBXFileReference; fileEncoding = 4; lastKnownFileType = sourcecode.c.objc; path = SoundEffects.m; sourceTree = "<group>"; };
		4D2F6C161D5363A3005FD9BE /* cash.wav */ = {isa = PBXFileReference; lastKnownFileType = audio.wav; path = cash.wav; sourceTree = "<group>"; };
		4D327CBE1FBF4AF9004A694A /* CorePlot.xcodeproj */ = {isa = PBXFileReference; lastKnownFileType = "wrapper.pb-project"; name = CorePlot.xcodeproj; path = "../core-plot-release-2.3/framework/CorePlot.xcodeproj"; sourceTree = "<group>"; };
		4D384F391F1A625D00C8E5F5 /* 2015_16_league.json */ = {isa = PBXFileReference; fileEncoding = 4; lastKnownFileType = text.json; path = 2015_16_league.json; sourceTree = "<group>"; };
		4D384F3A1F1A625D00C8E5F5 /* 2015_16_weeks.json */ = {isa = PBXFileReference; fileEncoding = 4; lastKnownFileType = text.json; path = 2015_16_weeks.json; sourceTree = "<group>"; };
		4D384F401F1A6F3700C8E5F5 /* 2014_15_league.json */ = {isa = PBXFileReference; fileEncoding = 4; lastKnownFileType = text.json; path = 2014_15_league.json; sourceTree = "<group>"; };
		4D384F411F1A6F3700C8E5F5 /* 2014_15_weeks.json */ = {isa = PBXFileReference; fileEncoding = 4; lastKnownFileType = text.json; path = 2014_15_weeks.json; sourceTree = "<group>"; };
		4D384F451F1CABF600C8E5F5 /* 2013_14_league.json */ = {isa = PBXFileReference; fileEncoding = 4; lastKnownFileType = text.json; path = 2013_14_league.json; sourceTree = "<group>"; };
		4D384F461F1CABF600C8E5F5 /* 2013_14_weeks.json */ = {isa = PBXFileReference; fileEncoding = 4; lastKnownFileType = text.json; path = 2013_14_weeks.json; sourceTree = "<group>"; };
		4D384F4C1F1F7B1D00C8E5F5 /* 2007_08_league.json */ = {isa = PBXFileReference; fileEncoding = 4; lastKnownFileType = text.json; path = 2007_08_league.json; sourceTree = "<group>"; };
		4D384F4D1F1F7B1D00C8E5F5 /* 2007_08_weeks.json */ = {isa = PBXFileReference; fileEncoding = 4; lastKnownFileType = text.json; path = 2007_08_weeks.json; sourceTree = "<group>"; };
		4D384F5D1F1F7FA200C8E5F5 /* 2006_07_league.json */ = {isa = PBXFileReference; fileEncoding = 4; lastKnownFileType = text.json; path = 2006_07_league.json; sourceTree = "<group>"; };
		4D384F5E1F1F7FA200C8E5F5 /* 2006_07_weeks.json */ = {isa = PBXFileReference; fileEncoding = 4; lastKnownFileType = text.json; path = 2006_07_weeks.json; sourceTree = "<group>"; };
		4D384F621F1F829F00C8E5F5 /* 2005_06_league.json */ = {isa = PBXFileReference; fileEncoding = 4; lastKnownFileType = text.json; path = 2005_06_league.json; sourceTree = "<group>"; };
		4D384F631F1F829F00C8E5F5 /* 2005_06_weeks.json */ = {isa = PBXFileReference; fileEncoding = 4; lastKnownFileType = text.json; path = 2005_06_weeks.json; sourceTree = "<group>"; };
		4D384F671F1F832B00C8E5F5 /* 2003_04_league.json */ = {isa = PBXFileReference; fileEncoding = 4; lastKnownFileType = text.json; path = 2003_04_league.json; sourceTree = "<group>"; };
		4D384F681F1F832B00C8E5F5 /* 2003_04_weeks.json */ = {isa = PBXFileReference; fileEncoding = 4; lastKnownFileType = text.json; path = 2003_04_weeks.json; sourceTree = "<group>"; };
		4D384F6A1F1F832B00C8E5F5 /* 2004_05_league.json */ = {isa = PBXFileReference; fileEncoding = 4; lastKnownFileType = text.json; path = 2004_05_league.json; sourceTree = "<group>"; };
		4D384F6B1F1F832B00C8E5F5 /* 2004_05_weeks.json */ = {isa = PBXFileReference; fileEncoding = 4; lastKnownFileType = text.json; path = 2004_05_weeks.json; sourceTree = "<group>"; };
		4D3B56641D44E1EA00267C95 /* FantasyFootball.app */ = {isa = PBXFileReference; explicitFileType = wrapper.application; includeInIndex = 0; path = FantasyFootball.app; sourceTree = BUILT_PRODUCTS_DIR; };
		4D3B56681D44E1EA00267C95 /* main.m */ = {isa = PBXFileReference; lastKnownFileType = sourcecode.c.objc; path = main.m; sourceTree = "<group>"; };
		4D3B566A1D44E1EA00267C95 /* AppDelegate.h */ = {isa = PBXFileReference; lastKnownFileType = sourcecode.c.h; path = AppDelegate.h; sourceTree = "<group>"; };
		4D3B566B1D44E1EA00267C95 /* AppDelegate.m */ = {isa = PBXFileReference; lastKnownFileType = sourcecode.c.objc; path = AppDelegate.m; sourceTree = "<group>"; };
		4D3B56741D44E1EA00267C95 /* Base */ = {isa = PBXFileReference; lastKnownFileType = file.storyboard; name = Base; path = Base.lproj/Main.storyboard; sourceTree = "<group>"; };
		4D3B56761D44E1EA00267C95 /* Assets.xcassets */ = {isa = PBXFileReference; lastKnownFileType = folder.assetcatalog; path = Assets.xcassets; sourceTree = "<group>"; };
		4D3B56791D44E1EA00267C95 /* Base */ = {isa = PBXFileReference; lastKnownFileType = file.storyboard; name = Base; path = Base.lproj/LaunchScreen.storyboard; sourceTree = "<group>"; };
		4D3B567B1D44E1EA00267C95 /* Info.plist */ = {isa = PBXFileReference; lastKnownFileType = text.plist.xml; path = Info.plist; sourceTree = "<group>"; };
		4D3B56801D44E1EA00267C95 /* FantasyFootballUITests.xctest */ = {isa = PBXFileReference; explicitFileType = wrapper.cfbundle; includeInIndex = 0; path = FantasyFootballUITests.xctest; sourceTree = BUILT_PRODUCTS_DIR; };
		4D3B56841D44E1EA00267C95 /* FantasyFootballUITests.m */ = {isa = PBXFileReference; lastKnownFileType = sourcecode.c.objc; path = FantasyFootballUITests.m; sourceTree = "<group>"; };
		4D3B56861D44E1EA00267C95 /* Info.plist */ = {isa = PBXFileReference; lastKnownFileType = text.plist.xml; path = Info.plist; sourceTree = "<group>"; };
		4D3B56941D44FD7000267C95 /* LeagueViewController.h */ = {isa = PBXFileReference; fileEncoding = 4; lastKnownFileType = sourcecode.c.h; path = LeagueViewController.h; sourceTree = "<group>"; };
		4D3B56951D44FD7000267C95 /* LeagueViewController.m */ = {isa = PBXFileReference; fileEncoding = 4; lastKnownFileType = sourcecode.c.objc; path = LeagueViewController.m; sourceTree = "<group>"; };
		4D3B56971D4504F400267C95 /* Team.h */ = {isa = PBXFileReference; fileEncoding = 4; lastKnownFileType = sourcecode.c.h; path = Team.h; sourceTree = "<group>"; };
		4D3B56981D4504F400267C95 /* Team.m */ = {isa = PBXFileReference; fileEncoding = 4; lastKnownFileType = sourcecode.c.objc; path = Team.m; sourceTree = "<group>"; };
		4D3B569B1D4512D400267C95 /* teams.json */ = {isa = PBXFileReference; fileEncoding = 4; lastKnownFileType = text.json; path = teams.json; sourceTree = "<group>"; };
		4D3B569D1D45137F00267C95 /* DataManager.h */ = {isa = PBXFileReference; fileEncoding = 4; lastKnownFileType = sourcecode.c.h; path = DataManager.h; sourceTree = "<group>"; };
		4D3B569E1D45137F00267C95 /* DataManager.m */ = {isa = PBXFileReference; fileEncoding = 4; lastKnownFileType = sourcecode.c.objc; path = DataManager.m; sourceTree = "<group>"; };
		4D3B56A01D4515F000267C95 /* TeamManager.h */ = {isa = PBXFileReference; fileEncoding = 4; lastKnownFileType = sourcecode.c.h; path = TeamManager.h; sourceTree = "<group>"; };
		4D3B56A11D4515F000267C95 /* TeamManager.m */ = {isa = PBXFileReference; fileEncoding = 4; lastKnownFileType = sourcecode.c.objc; path = TeamManager.m; sourceTree = "<group>"; };
		4D3B56A51D453CF900267C95 /* GoldenBootViewController.h */ = {isa = PBXFileReference; fileEncoding = 4; lastKnownFileType = sourcecode.c.h; path = GoldenBootViewController.h; sourceTree = "<group>"; };
		4D3B56A61D453D0300267C95 /* GoldenBootViewController.m */ = {isa = PBXFileReference; fileEncoding = 4; lastKnownFileType = sourcecode.c.objc; path = GoldenBootViewController.m; sourceTree = "<group>"; };
		4D4803F31F191D2200E9D700 /* league_debug.json */ = {isa = PBXFileReference; fileEncoding = 4; lastKnownFileType = text.json; path = league_debug.json; sourceTree = "<group>"; };
		4D4804021F1921EA00E9D700 /* 2012_13_league.json */ = {isa = PBXFileReference; fileEncoding = 4; lastKnownFileType = text.json; path = 2012_13_league.json; sourceTree = "<group>"; };
		4D4804031F1921EA00E9D700 /* 2012_13_weeks.json */ = {isa = PBXFileReference; fileEncoding = 4; lastKnownFileType = text.json; path = 2012_13_weeks.json; sourceTree = "<group>"; };
		4D4804081F1CAF6D00E9D700 /* Weeks.csv */ = {isa = PBXFileReference; fileEncoding = 4; lastKnownFileType = text; name = Weeks.csv; path = "../../../../SpiderOak Hive/FantasyFootball/Weeks.csv"; sourceTree = "<group>"; };
		4D4804171F1CBD6B00E9D700 /* 2011_12_league.json */ = {isa = PBXFileReference; fileEncoding = 4; lastKnownFileType = text.json; path = 2011_12_league.json; sourceTree = "<group>"; };
		4D4804181F1CBD6B00E9D700 /* 2011_12_weeks.json */ = {isa = PBXFileReference; fileEncoding = 4; lastKnownFileType = text.json; path = 2011_12_weeks.json; sourceTree = "<group>"; };
		4D48041C1F1CCDAB00E9D700 /* 2010_11_league.json */ = {isa = PBXFileReference; fileEncoding = 4; lastKnownFileType = text.json; path = 2010_11_league.json; sourceTree = "<group>"; };
		4D48041D1F1CCDAB00E9D700 /* 2010_11_weeks.json */ = {isa = PBXFileReference; fileEncoding = 4; lastKnownFileType = text.json; path = 2010_11_weeks.json; sourceTree = "<group>"; };
		4D4804211F1CF84E00E9D700 /* 2009_10_league.json */ = {isa = PBXFileReference; fileEncoding = 4; lastKnownFileType = text.json; path = 2009_10_league.json; sourceTree = "<group>"; };
		4D4804221F1CF84E00E9D700 /* 2009_10_weeks.json */ = {isa = PBXFileReference; fileEncoding = 4; lastKnownFileType = text.json; path = 2009_10_weeks.json; sourceTree = "<group>"; };
		4D4804261F1D02F700E9D700 /* 2008_09_league.json */ = {isa = PBXFileReference; fileEncoding = 4; lastKnownFileType = text.json; path = 2008_09_league.json; sourceTree = "<group>"; };
		4D4804271F1D02F700E9D700 /* 2008_09_weeks.json */ = {isa = PBXFileReference; fileEncoding = 4; lastKnownFileType = text.json; path = 2008_09_weeks.json; sourceTree = "<group>"; };
		4D48042C1F20B7D000E9D700 /* 2003_04_side_bets.json */ = {isa = PBXFileReference; fileEncoding = 4; lastKnownFileType = text.json; path = 2003_04_side_bets.json; sourceTree = "<group>"; };
		4D48043A1F20BE2100E9D700 /* 2004_05_side_bets.json */ = {isa = PBXFileReference; fileEncoding = 4; lastKnownFileType = text.json; path = 2004_05_side_bets.json; sourceTree = "<group>"; };
		4D48043C1F20C04100E9D700 /* 2005_06_side_bets.json */ = {isa = PBXFileReference; fileEncoding = 4; lastKnownFileType = text.json; path = 2005_06_side_bets.json; sourceTree = "<group>"; };
		4D48043E1F20C20100E9D700 /* 2006_07_side_bets.json */ = {isa = PBXFileReference; fileEncoding = 4; lastKnownFileType = text.json; path = 2006_07_side_bets.json; sourceTree = "<group>"; };
		4D4804401F20C39500E9D700 /* 2007_08_side_bets.json */ = {isa = PBXFileReference; fileEncoding = 4; lastKnownFileType = text.json; path = 2007_08_side_bets.json; sourceTree = "<group>"; };
		4D4804421F20C58200E9D700 /* 2008_09_side_bets.json */ = {isa = PBXFileReference; fileEncoding = 4; lastKnownFileType = text.json; path = 2008_09_side_bets.json; sourceTree = "<group>"; };
		4D4804441F20C8D100E9D700 /* 2009_10_side_bets.json */ = {isa = PBXFileReference; fileEncoding = 4; lastKnownFileType = text.json; path = 2009_10_side_bets.json; sourceTree = "<group>"; };
		4D4804461F20DFAC00E9D700 /* 2010_11_side_bets.json */ = {isa = PBXFileReference; fileEncoding = 4; lastKnownFileType = text.json; path = 2010_11_side_bets.json; sourceTree = "<group>"; };
		4D4804481F20E23D00E9D700 /* 2011_12_side_bets.json */ = {isa = PBXFileReference; fileEncoding = 4; lastKnownFileType = text.json; path = 2011_12_side_bets.json; sourceTree = "<group>"; };
		4D48044A1F20E56600E9D700 /* 2012_13_side_bets.json */ = {isa = PBXFileReference; fileEncoding = 4; lastKnownFileType = text.json; path = 2012_13_side_bets.json; sourceTree = "<group>"; };
		4D48044C1F20E7D500E9D700 /* 2013_14_side_bets.json */ = {isa = PBXFileReference; fileEncoding = 4; lastKnownFileType = text.json; path = 2013_14_side_bets.json; sourceTree = "<group>"; };
		4D48044E1F20ECAB00E9D700 /* 2014_15_side_bets.json */ = {isa = PBXFileReference; fileEncoding = 4; lastKnownFileType = text.json; path = 2014_15_side_bets.json; sourceTree = "<group>"; };
		4D4804501F20F1B500E9D700 /* 2015_16_side_bets.json */ = {isa = PBXFileReference; fileEncoding = 4; lastKnownFileType = text.json; path = 2015_16_side_bets.json; sourceTree = "<group>"; };
		4D4D51191D5603A600CCED96 /* teams_debug.json */ = {isa = PBXFileReference; fileEncoding = 4; lastKnownFileType = text.json; path = teams_debug.json; sourceTree = "<group>"; };
		4D4D511B1D56244C00CCED96 /* ManagerStatsViewController.h */ = {isa = PBXFileReference; fileEncoding = 4; lastKnownFileType = sourcecode.c.h; path = ManagerStatsViewController.h; sourceTree = "<group>"; };
		4D4D511C1D56244C00CCED96 /* ManagerStatsViewController.m */ = {isa = PBXFileReference; fileEncoding = 4; lastKnownFileType = sourcecode.c.objc; path = ManagerStatsViewController.m; sourceTree = "<group>"; };
		4D4D511E1D56250C00CCED96 /* manager_stats.json */ = {isa = PBXFileReference; fileEncoding = 4; lastKnownFileType = text.json; path = manager_stats.json; sourceTree = "<group>"; };
		4D4D51201D56297800CCED96 /* ManagerStatsDetailViewController.h */ = {isa = PBXFileReference; fileEncoding = 4; lastKnownFileType = sourcecode.c.h; path = ManagerStatsDetailViewController.h; sourceTree = "<group>"; };
		4D4D51211D56298800CCED96 /* ManagerStatsDetailViewController.m */ = {isa = PBXFileReference; fileEncoding = 4; lastKnownFileType = sourcecode.c.objc; path = ManagerStatsDetailViewController.m; sourceTree = "<group>"; };
		4D4D51231D562D9600CCED96 /* StatsKeyValueViewController.h */ = {isa = PBXFileReference; fileEncoding = 4; lastKnownFileType = sourcecode.c.h; name = StatsKeyValueViewController.h; path = ../StatsKeyValueViewController.h; sourceTree = "<group>"; };
		4D4D51241D562D9600CCED96 /* StatsKeyValueViewController.m */ = {isa = PBXFileReference; fileEncoding = 4; lastKnownFileType = sourcecode.c.objc; name = StatsKeyValueViewController.m; path = ../StatsKeyValueViewController.m; sourceTree = "<group>"; };
		4D4D51261D59F07800CCED96 /* DINLTStatsViewController.h */ = {isa = PBXFileReference; fileEncoding = 4; lastKnownFileType = sourcecode.c.h; path = DINLTStatsViewController.h; sourceTree = "<group>"; };
		4D4D51271D59F08300CCED96 /* DINLTStatsViewController.m */ = {isa = PBXFileReference; fileEncoding = 4; lastKnownFileType = sourcecode.c.objc; path = DINLTStatsViewController.m; sourceTree = "<group>"; };
		4D4D51291D5A3EBD00CCED96 /* do_i_not_like_that.wav */ = {isa = PBXFileReference; lastKnownFileType = audio.wav; path = do_i_not_like_that.wav; sourceTree = "<group>"; };
		4D4D512D1D5A405800CCED96 /* ooh_do_i_not_like_that.wav */ = {isa = PBXFileReference; lastKnownFileType = audio.wav; path = ooh_do_i_not_like_that.wav; sourceTree = "<group>"; };
		4D4D512F1D5C8EB500CCED96 /* toilet.wav */ = {isa = PBXFileReference; lastKnownFileType = audio.wav; path = toilet.wav; sourceTree = "<group>"; };
		4D4D51311D5C98D800CCED96 /* can_we_not_knock_it.wav */ = {isa = PBXFileReference; lastKnownFileType = audio.wav; path = can_we_not_knock_it.wav; sourceTree = "<group>"; };
		4D4D51321D5C98D800CCED96 /* carlton_started_it.wav */ = {isa = PBXFileReference; lastKnownFileType = audio.wav; path = carlton_started_it.wav; sourceTree = "<group>"; };
		4D4D51331D5C98D800CCED96 /* disgraceful.wav */ = {isa = PBXFileReference; lastKnownFileType = audio.wav; path = disgraceful.wav; sourceTree = "<group>"; };
		4D4D51341D5C98D800CCED96 /* gotta_go_big.wav */ = {isa = PBXFileReference; lastKnownFileType = audio.wav; path = gotta_go_big.wav; sourceTree = "<group>"; };
		4D4D51351D5C98D800CCED96 /* hit_les.wav */ = {isa = PBXFileReference; lastKnownFileType = audio.wav; path = hit_les.wav; sourceTree = "<group>"; };
		4D4D51361D5C98D800CCED96 /* i_sweat_a_lot.wav */ = {isa = PBXFileReference; lastKnownFileType = audio.wav; path = i_sweat_a_lot.wav; sourceTree = "<group>"; };
		4D4D51371D5C98D800CCED96 /* if_you_were_one_of_my_players.wav */ = {isa = PBXFileReference; lastKnownFileType = audio.wav; path = if_you_were_one_of_my_players.wav; sourceTree = "<group>"; };
		4D4D51381D5C98D800CCED96 /* made_for_wrighty.wav */ = {isa = PBXFileReference; lastKnownFileType = audio.wav; path = made_for_wrighty.wav; sourceTree = "<group>"; };
		4D4D51391D5C98D800CCED96 /* platty.wav */ = {isa = PBXFileReference; lastKnownFileType = audio.wav; path = platty.wav; sourceTree = "<group>"; };
		4D4D513A1D5C98D800CCED96 /* right_to_the_death.wav */ = {isa = PBXFileReference; lastKnownFileType = audio.wav; path = right_to_the_death.wav; sourceTree = "<group>"; };
		4D4D513B1D5C98D800CCED96 /* sharpey.wav */ = {isa = PBXFileReference; lastKnownFileType = audio.wav; path = sharpey.wav; sourceTree = "<group>"; };
		4D4D513C1D5C98D800CCED96 /* tuck_in_more.wav */ = {isa = PBXFileReference; lastKnownFileType = audio.wav; path = tuck_in_more.wav; sourceTree = "<group>"; };
		4D4D513D1D5C98D800CCED96 /* we_are_in_trouble.wav */ = {isa = PBXFileReference; lastKnownFileType = audio.wav; path = we_are_in_trouble.wav; sourceTree = "<group>"; };
		4D4D513E1D5C98D800CCED96 /* you_cannot_wait.wav */ = {isa = PBXFileReference; lastKnownFileType = audio.wav; path = you_cannot_wait.wav; sourceTree = "<group>"; };
		4D4D513F1D5C98D800CCED96 /* you_know_weve_been_cheated.wav */ = {isa = PBXFileReference; lastKnownFileType = audio.wav; path = you_know_weve_been_cheated.wav; sourceTree = "<group>"; };
		4D70546D1D4A4FF80039B4AE /* teams_test.json */ = {isa = PBXFileReference; fileEncoding = 4; lastKnownFileType = text.json; path = teams_test.json; sourceTree = "<group>"; };
		4D7054701D4A6EDB0039B4AE /* Fabric.framework */ = {isa = PBXFileReference; lastKnownFileType = wrapper.framework; path = Fabric.framework; sourceTree = "<group>"; };
		4D7054711D4A6EDB0039B4AE /* Crashlytics.framework */ = {isa = PBXFileReference; lastKnownFileType = wrapper.framework; path = Crashlytics.framework; sourceTree = "<group>"; };
		4DA309B31D89B8230000A4F7 /* FUCupViewController.h */ = {isa = PBXFileReference; fileEncoding = 4; lastKnownFileType = sourcecode.c.h; path = FUCupViewController.h; sourceTree = "<group>"; };
		4DA309B41D89B82E0000A4F7 /* FUCupViewController.m */ = {isa = PBXFileReference; fileEncoding = 4; lastKnownFileType = sourcecode.c.objc; path = FUCupViewController.m; sourceTree = "<group>"; };
		4DA309B61D89BBC80000A4F7 /* CupRound.h */ = {isa = PBXFileReference; fileEncoding = 4; lastKnownFileType = sourcecode.c.h; path = CupRound.h; sourceTree = "<group>"; };
		4DA309B71D89BBCE0000A4F7 /* CupRound.m */ = {isa = PBXFileReference; fileEncoding = 4; lastKnownFileType = sourcecode.c.objc; path = CupRound.m; sourceTree = "<group>"; };
		4DA456251D50F08E004D24D8 /* SideBetsViewController.h */ = {isa = PBXFileReference; fileEncoding = 4; lastKnownFileType = sourcecode.c.h; path = SideBetsViewController.h; sourceTree = "<group>"; };
		4DA456261D50F08E004D24D8 /* SideBetsViewController.m */ = {isa = PBXFileReference; fileEncoding = 4; lastKnownFileType = sourcecode.c.objc; path = SideBetsViewController.m; sourceTree = "<group>"; };
		4DA456281D50FD59004D24D8 /* side_bets.json */ = {isa = PBXFileReference; fileEncoding = 4; lastKnownFileType = text.json; path = side_bets.json; sourceTree = "<group>"; };
		4DB621BD1D4E199800E1F528 /* TeamWeek.h */ = {isa = PBXFileReference; fileEncoding = 4; lastKnownFileType = sourcecode.c.h; path = TeamWeek.h; sourceTree = "<group>"; };
		4DB621BE1D4E199800E1F528 /* TeamWeek.m */ = {isa = PBXFileReference; fileEncoding = 4; lastKnownFileType = sourcecode.c.objc; path = TeamWeek.m; sourceTree = "<group>"; };
		4DB621C01D4E56B700E1F528 /* Week.h */ = {isa = PBXFileReference; fileEncoding = 4; lastKnownFileType = sourcecode.c.h; path = Week.h; sourceTree = "<group>"; };
		4DB621C11D4E56B700E1F528 /* Week.m */ = {isa = PBXFileReference; fileEncoding = 4; lastKnownFileType = sourcecode.c.objc; path = Week.m; sourceTree = "<group>"; };
		4DBCF0BB1DBFB8AC00894B04 /* TFHpple.h */ = {isa = PBXFileReference; fileEncoding = 4; lastKnownFileType = sourcecode.c.h; path = TFHpple.h; sourceTree = "<group>"; };
		4DBCF0BC1DBFB8AC00894B04 /* TFHpple.m */ = {isa = PBXFileReference; fileEncoding = 4; lastKnownFileType = sourcecode.c.objc; path = TFHpple.m; sourceTree = "<group>"; };
		4DBCF0BD1DBFB8AC00894B04 /* TFHppleElement.h */ = {isa = PBXFileReference; fileEncoding = 4; lastKnownFileType = sourcecode.c.h; path = TFHppleElement.h; sourceTree = "<group>"; };
		4DBCF0BE1DBFB8AC00894B04 /* TFHppleElement.m */ = {isa = PBXFileReference; fileEncoding = 4; lastKnownFileType = sourcecode.c.objc; path = TFHppleElement.m; sourceTree = "<group>"; };
		4DBCF0BF1DBFB8AC00894B04 /* XPathQuery.h */ = {isa = PBXFileReference; fileEncoding = 4; lastKnownFileType = sourcecode.c.h; path = XPathQuery.h; sourceTree = "<group>"; };
		4DBCF0C01DBFB8AC00894B04 /* XPathQuery.m */ = {isa = PBXFileReference; fileEncoding = 4; lastKnownFileType = sourcecode.c.objc; path = XPathQuery.m; sourceTree = "<group>"; };
		4DBCF0C51DBFB8C400894B04 /* libxml2.tbd */ = {isa = PBXFileReference; lastKnownFileType = "sourcecode.text-based-dylib-definition"; name = libxml2.tbd; path = usr/lib/libxml2.tbd; sourceTree = SDKROOT; };
		4DBCF0C71DBFB8DE00894B04 /* libxml2.2.tbd */ = {isa = PBXFileReference; lastKnownFileType = "sourcecode.text-based-dylib-definition"; name = libxml2.2.tbd; path = usr/lib/libxml2.2.tbd; sourceTree = SDKROOT; };
		4DBCF0CC1DC125CF00894B04 /* league.json */ = {isa = PBXFileReference; fileEncoding = 4; lastKnownFileType = text.json; path = league.json; sourceTree = "<group>"; };
		4DBDCC731DC26315000EAFB9 /* FantasyFootball.entitlements */ = {isa = PBXFileReference; lastKnownFileType = text.plist.entitlements; path = FantasyFootball.entitlements; sourceTree = "<group>"; };
		4DD47C971D4D3240008D64A7 /* StatsViewController.h */ = {isa = PBXFileReference; fileEncoding = 4; lastKnownFileType = sourcecode.c.h; path = StatsViewController.h; sourceTree = "<group>"; };
		4DD47C981D4D3240008D64A7 /* StatsViewController.m */ = {isa = PBXFileReference; fileEncoding = 4; lastKnownFileType = sourcecode.c.objc; path = StatsViewController.m; sourceTree = "<group>"; };
		4DD49F7120B5C005007FB56D /* 2017_18_side_bets.json */ = {isa = PBXFileReference; fileEncoding = 4; lastKnownFileType = text.json; path = 2017_18_side_bets.json; sourceTree = "<group>"; };
		4DD49F7220B5C005007FB56D /* 2017_18_overall.html */ = {isa = PBXFileReference; fileEncoding = 4; lastKnownFileType = text.html; path = 2017_18_overall.html; sourceTree = "<group>"; };
		4DD49F7320B5C005007FB56D /* 2017_18_league.json */ = {isa = PBXFileReference; fileEncoding = 4; lastKnownFileType = text.json; path = 2017_18_league.json; sourceTree = "<group>"; };
		4DD49F7420B5C005007FB56D /* 2017_18_weeks.json */ = {isa = PBXFileReference; fileEncoding = 4; lastKnownFileType = text.json; path = 2017_18_weeks.json; sourceTree = "<group>"; };
		4DD49F7520B5C005007FB56D /* 2017_18_starting.html */ = {isa = PBXFileReference; fileEncoding = 4; lastKnownFileType = text.html; path = 2017_18_starting.html; sourceTree = "<group>"; };
		4DE26F931D64C0DB008DB3B8 /* MBProgressHUD.h */ = {isa = PBXFileReference; fileEncoding = 4; lastKnownFileType = sourcecode.c.h; path = MBProgressHUD.h; sourceTree = "<group>"; };
		4DE26F941D64C0DB008DB3B8 /* MBProgressHUD.m */ = {isa = PBXFileReference; fileEncoding = 4; lastKnownFileType = sourcecode.c.objc; path = MBProgressHUD.m; sourceTree = "<group>"; };
		4DEDB3D11E61D60500A7CDC3 /* Charts.xib */ = {isa = PBXFileReference; fileEncoding = 4; lastKnownFileType = file.xib; path = Charts.xib; sourceTree = "<group>"; };
		4DEDB4071E61D6D800A7CDC3 /* TeamCharts.h */ = {isa = PBXFileReference; fileEncoding = 4; lastKnownFileType = sourcecode.c.h; path = TeamCharts.h; sourceTree = "<group>"; };
		4DEDB4081E61D6D800A7CDC3 /* TeamCharts.m */ = {isa = PBXFileReference; fileEncoding = 4; lastKnownFileType = sourcecode.c.objc; path = TeamCharts.m; sourceTree = "<group>"; };
		4DEDB40A1E61D78900A7CDC3 /* QuartzCore.framework */ = {isa = PBXFileReference; lastKnownFileType = wrapper.framework; name = QuartzCore.framework; path = System/Library/Frameworks/QuartzCore.framework; sourceTree = SDKROOT; };
		4DEDB40C1E61D78E00A7CDC3 /* Accelerate.framework */ = {isa = PBXFileReference; lastKnownFileType = wrapper.framework; name = Accelerate.framework; path = System/Library/Frameworks/Accelerate.framework; sourceTree = SDKROOT; };
		4DEDB40E1E61D81E00A7CDC3 /* TeamChartsView.h */ = {isa = PBXFileReference; fileEncoding = 4; lastKnownFileType = sourcecode.c.h; path = TeamChartsView.h; sourceTree = "<group>"; };
		4DEDB40F1E61D81E00A7CDC3 /* TeamChartsView.m */ = {isa = PBXFileReference; fileEncoding = 4; lastKnownFileType = sourcecode.c.objc; path = TeamChartsView.m; sourceTree = "<group>"; };
		4DEDB4111E61D86F00A7CDC3 /* ChartValues.h */ = {isa = PBXFileReference; fileEncoding = 4; lastKnownFileType = sourcecode.c.h; path = ChartValues.h; sourceTree = "<group>"; };
		4DEDB4121E61D86F00A7CDC3 /* ChartValues.m */ = {isa = PBXFileReference; fileEncoding = 4; lastKnownFileType = sourcecode.c.objc; path = ChartValues.m; sourceTree = "<group>"; };
		4DEDB4141E61D8F900A7CDC3 /* CoreGraphics.h */ = {isa = PBXFileReference; fileEncoding = 4; lastKnownFileType = sourcecode.c.h; path = CoreGraphics.h; sourceTree = "<group>"; };
		4DEDB4151E61D8F900A7CDC3 /* CoreGraphics.m */ = {isa = PBXFileReference; fileEncoding = 4; lastKnownFileType = sourcecode.c.objc; path = CoreGraphics.m; sourceTree = "<group>"; };
		4DEDB41B1E61DA3C00A7CDC3 /* CoreGraphics.framework */ = {isa = PBXFileReference; lastKnownFileType = wrapper.framework; name = CoreGraphics.framework; path = System/Library/Frameworks/CoreGraphics.framework; sourceTree = SDKROOT; };
		4DEDB41D1E61DAC700A7CDC3 /* UIBuilder.h */ = {isa = PBXFileReference; fileEncoding = 4; lastKnownFileType = sourcecode.c.h; path = UIBuilder.h; sourceTree = "<group>"; };
		4DEDB41E1E61DAC700A7CDC3 /* UIBuilder.m */ = {isa = PBXFileReference; fileEncoding = 4; lastKnownFileType = sourcecode.c.objc; path = UIBuilder.m; sourceTree = "<group>"; };
		4DEDB4201E61DB5700A7CDC3 /* UIKit.framework */ = {isa = PBXFileReference; lastKnownFileType = wrapper.framework; name = UIKit.framework; path = System/Library/Frameworks/UIKit.framework; sourceTree = SDKROOT; };
		4DEDB4221E61DC6700A7CDC3 /* CGPointUtils.h */ = {isa = PBXFileReference; fileEncoding = 4; lastKnownFileType = sourcecode.c.h; path = CGPointUtils.h; sourceTree = "<group>"; };
		4DEDB4231E61DC6700A7CDC3 /* CGPointUtils.m */ = {isa = PBXFileReference; fileEncoding = 4; lastKnownFileType = sourcecode.c.objc; path = CGPointUtils.m; sourceTree = "<group>"; };
		4DF2411B1D461F0600AF4F1A /* MOTMViewController.h */ = {isa = PBXFileReference; fileEncoding = 4; lastKnownFileType = sourcecode.c.h; path = MOTMViewController.h; sourceTree = "<group>"; };
		4DF2411C1D461F0600AF4F1A /* MOTMViewController.m */ = {isa = PBXFileReference; fileEncoding = 4; lastKnownFileType = sourcecode.c.objc; path = MOTMViewController.m; sourceTree = "<group>"; };
		4DF2411E1D46302100AF4F1A /* Month.h */ = {isa = PBXFileReference; fileEncoding = 4; lastKnownFileType = sourcecode.c.h; path = Month.h; sourceTree = "<group>"; };
		4DF2411F1D46302100AF4F1A /* Month.m */ = {isa = PBXFileReference; fileEncoding = 4; lastKnownFileType = sourcecode.c.objc; path = Month.m; sourceTree = "<group>"; };
		4DF241211D463F9900AF4F1A /* TeamDetailViewController.h */ = {isa = PBXFileReference; fileEncoding = 4; lastKnownFileType = sourcecode.c.h; path = TeamDetailViewController.h; sourceTree = "<group>"; };
		4DF241221D463F9900AF4F1A /* TeamDetailViewController.m */ = {isa = PBXFileReference; fileEncoding = 4; lastKnownFileType = sourcecode.c.objc; path = TeamDetailViewController.m; sourceTree = "<group>"; };
/* End PBXFileReference section */

/* Begin PBXFrameworksBuildPhase section */
		4D3B56611D44E1EA00267C95 /* Frameworks */ = {
			isa = PBXFrameworksBuildPhase;
			buildActionMask = 2147483647;
			files = (
				4D327CE01FBF4B1A004A694A /* libCorePlot-CocoaTouch.a in Frameworks */,
				4DEDB41C1E61DA3C00A7CDC3 /* CoreGraphics.framework in Frameworks */,
				4DEDB40D1E61D78E00A7CDC3 /* Accelerate.framework in Frameworks */,
				4DEDB40B1E61D78900A7CDC3 /* QuartzCore.framework in Frameworks */,
				4DBCF0C91DBFB96200894B04 /* libxml2.tbd in Frameworks */,
				4D2A9A511D47DF6700DCDB15 /* AirshipKit.framework in Frameworks */,
				4D7054731D4A6EDB0039B4AE /* Crashlytics.framework in Frameworks */,
				4D7054721D4A6EDB0039B4AE /* Fabric.framework in Frameworks */,
			);
			runOnlyForDeploymentPostprocessing = 0;
		};
		4D3B567D1D44E1EA00267C95 /* Frameworks */ = {
			isa = PBXFrameworksBuildPhase;
			buildActionMask = 2147483647;
			files = (
			);
			runOnlyForDeploymentPostprocessing = 0;
		};
/* End PBXFrameworksBuildPhase section */

/* Begin PBXGroup section */
		4D03D00A1EE2EE8D00C38DAE /* Past Seasons */ = {
			isa = PBXGroup;
			children = (
				4D384F661F1F832B00C8E5F5 /* 2003_04 */,
				4D384F691F1F832B00C8E5F5 /* 2004_05 */,
				4D384F611F1F829F00C8E5F5 /* 2005_06 */,
				4D384F5C1F1F7FA200C8E5F5 /* 2006_07 */,
				4D384F4B1F1F7B1D00C8E5F5 /* 2007_08 */,
				4D4804251F1D02F700E9D700 /* 2008_09 */,
				4D4804201F1CF84E00E9D700 /* 2009_10 */,
				4D48041B1F1CCDAB00E9D700 /* 2010_11 */,
				4D4804161F1CBD6B00E9D700 /* 2011_12 */,
				4D4804011F1921EA00E9D700 /* 2012_13 */,
				4D384F441F1CABF600C8E5F5 /* 2013_14 */,
				4D384F3F1F1A6F3700C8E5F5 /* 2014_15 */,
				4D384F381F1A625D00C8E5F5 /* 2015_16 */,
				4D03D00B1EE2EE8D00C38DAE /* 2016_17 */,
				4DD49F7020B5BDF3007FB56D /* 2017_18 */,
			);
			path = "Past Seasons";
			sourceTree = "<group>";
		};
		4D03D00B1EE2EE8D00C38DAE /* 2016_17 */ = {
			isa = PBXGroup;
			children = (
				4D03D00C1EE2EE8D00C38DAE /* 2016_17_league.json */,
				4D03D00D1EE2EE8D00C38DAE /* 2016_17_overall.html */,
				4D03D00E1EE2EE8D00C38DAE /* 2016_17_side_bets.json */,
				4D03D00F1EE2EE8D00C38DAE /* 2016_17_starting.html */,
				4D03D0101EE2EE8D00C38DAE /* 2016_17_weeks.json */,
			);
			path = 2016_17;
			sourceTree = "<group>";
		};
		4D2A9A4C1D47DF2000DCDB15 /* Products */ = {
			isa = PBXGroup;
			children = (
				4D2A9A501D47DF2000DCDB15 /* AirshipKit.framework */,
			);
			name = Products;
			sourceTree = "<group>";
		};
		4D327CBF1FBF4AF9004A694A /* Products */ = {
			isa = PBXGroup;
			children = (
				4D327CCF1FBF4AFA004A694A /* CorePlot.framework */,
				4D327CD11FBF4AFA004A694A /* UnitTests.xctest */,
				4D327CD31FBF4AFA004A694A /* CorePlot.framework */,
				4D327CD51FBF4AFA004A694A /* UnitTests iOS.xctest */,
				4D327CD71FBF4AFA004A694A /* libCorePlot-CocoaTouch.a */,
				4D327CD91FBF4AFA004A694A /* CorePlot-CocoaTouchTests.xctest */,
				4D327CDB1FBF4AFA004A694A /* CorePlot.framework */,
				4D327CDD1FBF4AFA004A694A /* UnitTests tvOS.xctest */,
			);
			name = Products;
			sourceTree = "<group>";
		};
		4D384F381F1A625D00C8E5F5 /* 2015_16 */ = {
			isa = PBXGroup;
			children = (
				4D384F391F1A625D00C8E5F5 /* 2015_16_league.json */,
				4D384F3A1F1A625D00C8E5F5 /* 2015_16_weeks.json */,
				4D4804501F20F1B500E9D700 /* 2015_16_side_bets.json */,
			);
			path = 2015_16;
			sourceTree = "<group>";
		};
		4D384F3F1F1A6F3700C8E5F5 /* 2014_15 */ = {
			isa = PBXGroup;
			children = (
				4D384F401F1A6F3700C8E5F5 /* 2014_15_league.json */,
				4D384F411F1A6F3700C8E5F5 /* 2014_15_weeks.json */,
				4D48044E1F20ECAB00E9D700 /* 2014_15_side_bets.json */,
			);
			path = 2014_15;
			sourceTree = "<group>";
		};
		4D384F441F1CABF600C8E5F5 /* 2013_14 */ = {
			isa = PBXGroup;
			children = (
				4D384F451F1CABF600C8E5F5 /* 2013_14_league.json */,
				4D384F461F1CABF600C8E5F5 /* 2013_14_weeks.json */,
				4D48044C1F20E7D500E9D700 /* 2013_14_side_bets.json */,
			);
			path = 2013_14;
			sourceTree = "<group>";
		};
		4D384F4B1F1F7B1D00C8E5F5 /* 2007_08 */ = {
			isa = PBXGroup;
			children = (
				4D384F4C1F1F7B1D00C8E5F5 /* 2007_08_league.json */,
				4D384F4D1F1F7B1D00C8E5F5 /* 2007_08_weeks.json */,
				4D4804401F20C39500E9D700 /* 2007_08_side_bets.json */,
			);
			path = 2007_08;
			sourceTree = "<group>";
		};
		4D384F5C1F1F7FA200C8E5F5 /* 2006_07 */ = {
			isa = PBXGroup;
			children = (
				4D384F5D1F1F7FA200C8E5F5 /* 2006_07_league.json */,
				4D384F5E1F1F7FA200C8E5F5 /* 2006_07_weeks.json */,
				4D48043E1F20C20100E9D700 /* 2006_07_side_bets.json */,
			);
			path = 2006_07;
			sourceTree = "<group>";
		};
		4D384F611F1F829F00C8E5F5 /* 2005_06 */ = {
			isa = PBXGroup;
			children = (
				4D384F621F1F829F00C8E5F5 /* 2005_06_league.json */,
				4D384F631F1F829F00C8E5F5 /* 2005_06_weeks.json */,
				4D48043C1F20C04100E9D700 /* 2005_06_side_bets.json */,
			);
			path = 2005_06;
			sourceTree = "<group>";
		};
		4D384F661F1F832B00C8E5F5 /* 2003_04 */ = {
			isa = PBXGroup;
			children = (
				4D384F671F1F832B00C8E5F5 /* 2003_04_league.json */,
				4D384F681F1F832B00C8E5F5 /* 2003_04_weeks.json */,
				4D48042C1F20B7D000E9D700 /* 2003_04_side_bets.json */,
			);
			path = 2003_04;
			sourceTree = "<group>";
		};
		4D384F691F1F832B00C8E5F5 /* 2004_05 */ = {
			isa = PBXGroup;
			children = (
				4D384F6A1F1F832B00C8E5F5 /* 2004_05_league.json */,
				4D384F6B1F1F832B00C8E5F5 /* 2004_05_weeks.json */,
				4D48043A1F20BE2100E9D700 /* 2004_05_side_bets.json */,
			);
			path = 2004_05;
			sourceTree = "<group>";
		};
		4D3B565B1D44E1EA00267C95 = {
			isa = PBXGroup;
			children = (
				4D7054701D4A6EDB0039B4AE /* Fabric.framework */,
				4D7054711D4A6EDB0039B4AE /* Crashlytics.framework */,
				4D2A9A561D47DFC700DCDB15 /* AirshipConfig.plist */,
				4D2A9A4B1D47DF2000DCDB15 /* AirshipKit.xcodeproj */,
				4D327CBE1FBF4AF9004A694A /* CorePlot.xcodeproj */,
				4D2A9A471D47DEF600DCDB15 /* Airship */,
				4D2A9A491D47DF0100DCDB15 /* AirshipKit */,
				4D3B56661D44E1EA00267C95 /* FantasyFootball */,
				4D3B56831D44E1EA00267C95 /* FantasyFootballUITests */,
				4D3B56651D44E1EA00267C95 /* Products */,
				4DBCF0C41DBFB8C400894B04 /* Frameworks */,
			);
			sourceTree = "<group>";
		};
		4D3B56651D44E1EA00267C95 /* Products */ = {
			isa = PBXGroup;
			children = (
				4D3B56641D44E1EA00267C95 /* FantasyFootball.app */,
				4D3B56801D44E1EA00267C95 /* FantasyFootballUITests.xctest */,
			);
			name = Products;
			sourceTree = "<group>";
		};
		4D3B56661D44E1EA00267C95 /* FantasyFootball */ = {
			isa = PBXGroup;
			children = (
				4DBDCC731DC26315000EAFB9 /* FantasyFootball.entitlements */,
				4DBCF0BA1DBFB83A00894B04 /* hpple */,
				4D3B569A1D4504FE00267C95 /* Models */,
				4D3B56A31D45165600267C95 /* Managers */,
				4DEDB4171E61D8FF00A7CDC3 /* Views */,
				4D3B566A1D44E1EA00267C95 /* AppDelegate.h */,
				4D3B566B1D44E1EA00267C95 /* AppDelegate.m */,
				4D3B56941D44FD7000267C95 /* LeagueViewController.h */,
				4D3B56951D44FD7000267C95 /* LeagueViewController.m */,
				4DF2411B1D461F0600AF4F1A /* MOTMViewController.h */,
				4DF2411C1D461F0600AF4F1A /* MOTMViewController.m */,
				4DA309B31D89B8230000A4F7 /* FUCupViewController.h */,
				4DA309B41D89B82E0000A4F7 /* FUCupViewController.m */,
				4D3B56A51D453CF900267C95 /* GoldenBootViewController.h */,
				4D3B56A61D453D0300267C95 /* GoldenBootViewController.m */,
				4DF241211D463F9900AF4F1A /* TeamDetailViewController.h */,
				4DF241221D463F9900AF4F1A /* TeamDetailViewController.m */,
				4DEDB4071E61D6D800A7CDC3 /* TeamCharts.h */,
				4DEDB4081E61D6D800A7CDC3 /* TeamCharts.m */,
				4DA456251D50F08E004D24D8 /* SideBetsViewController.h */,
				4DA456261D50F08E004D24D8 /* SideBetsViewController.m */,
				4D2A99CF1D4762FA00DCDB15 /* WhoAreYaViewController.h */,
				4D2A99D01D4762FA00DCDB15 /* WhoAreYaViewController.m */,
				4DD47C971D4D3240008D64A7 /* StatsViewController.h */,
				4DD47C981D4D3240008D64A7 /* StatsViewController.m */,
				4D4D511B1D56244C00CCED96 /* ManagerStatsViewController.h */,
				4D4D511C1D56244C00CCED96 /* ManagerStatsViewController.m */,
				4D4D51261D59F07800CCED96 /* DINLTStatsViewController.h */,
				4D4D51271D59F08300CCED96 /* DINLTStatsViewController.m */,
				4D03D0041EE1B54D00C38DAE /* PastSeasonsStatsViewController.h */,
				4D03D0021EE1AF8300C38DAE /* PastSeasonsStatsViewController.m */,
				4D4D51201D56297800CCED96 /* ManagerStatsDetailViewController.h */,
				4D4D51211D56298800CCED96 /* ManagerStatsDetailViewController.m */,
				4D4D51231D562D9600CCED96 /* StatsKeyValueViewController.h */,
				4D4D51241D562D9600CCED96 /* StatsKeyValueViewController.m */,
				4D2F6C041D5349DB005FD9BE /* LaunchScreenViewController.h */,
				4D2F6C051D5349DB005FD9BE /* LaunchScreenViewController.m */,
				4D2A99CC1D47628500DCDB15 /* DismissSegue.h */,
				4D2A99CD1D47628500DCDB15 /* DismissSegue.m */,
				4D2F6C0D1D535B1F005FD9BE /* AnimatedNumericLabel.h */,
				4D2F6C0E1D535B1F005FD9BE /* AnimatedNumericLabel.m */,
				4D2A99C91D47566800DCDB15 /* Util.h */,
				4D2A99CA1D47566800DCDB15 /* Util.m */,
				4D2F6C101D5362D4005FD9BE /* SoundEffect.h */,
				4D2F6C111D5362D4005FD9BE /* SoundEffect.m */,
				4D2F6C121D5362D4005FD9BE /* SoundEffects.h */,
				4D2F6C131D5362D4005FD9BE /* SoundEffects.m */,
				4DE26F931D64C0DB008DB3B8 /* MBProgressHUD.h */,
				4DE26F941D64C0DB008DB3B8 /* MBProgressHUD.m */,
				4D2A9A581D48B49E00DCDB15 /* Constants.h */,
				4D3B56A41D45167900267C95 /* Resources */,
				4D3B56671D44E1EA00267C95 /* Supporting Files */,
			);
			path = FantasyFootball;
			sourceTree = "<group>";
		};
		4D3B56671D44E1EA00267C95 /* Supporting Files */ = {
			isa = PBXGroup;
			children = (
				4D3B56681D44E1EA00267C95 /* main.m */,
			);
			name = "Supporting Files";
			sourceTree = "<group>";
		};
		4D3B56831D44E1EA00267C95 /* FantasyFootballUITests */ = {
			isa = PBXGroup;
			children = (
				4D3B56841D44E1EA00267C95 /* FantasyFootballUITests.m */,
				4D3B56861D44E1EA00267C95 /* Info.plist */,
			);
			path = FantasyFootballUITests;
			sourceTree = "<group>";
		};
		4D3B569A1D4504FE00267C95 /* Models */ = {
			isa = PBXGroup;
			children = (
				4D3B56971D4504F400267C95 /* Team.h */,
				4D3B56981D4504F400267C95 /* Team.m */,
				4DB621BD1D4E199800E1F528 /* TeamWeek.h */,
				4DB621BE1D4E199800E1F528 /* TeamWeek.m */,
				4DF2411E1D46302100AF4F1A /* Month.h */,
				4DF2411F1D46302100AF4F1A /* Month.m */,
				4DB621C01D4E56B700E1F528 /* Week.h */,
				4DB621C11D4E56B700E1F528 /* Week.m */,
				4DA309B61D89BBC80000A4F7 /* CupRound.h */,
				4DA309B71D89BBCE0000A4F7 /* CupRound.m */,
			);
			name = Models;
			sourceTree = "<group>";
		};
		4D3B56A31D45165600267C95 /* Managers */ = {
			isa = PBXGroup;
			children = (
				4D3B56A01D4515F000267C95 /* TeamManager.h */,
				4D3B56A11D4515F000267C95 /* TeamManager.m */,
				4D3B569D1D45137F00267C95 /* DataManager.h */,
				4D3B569E1D45137F00267C95 /* DataManager.m */,
			);
			name = Managers;
			sourceTree = "<group>";
		};
		4D3B56A41D45167900267C95 /* Resources */ = {
			isa = PBXGroup;
			children = (
				4D03D00A1EE2EE8D00C38DAE /* Past Seasons */,
				4D4D514F1D5CB6C200CCED96 /* Audio */,
				4D3B56731D44E1EA00267C95 /* Main.storyboard */,
				4D3B56781D44E1EA00267C95 /* LaunchScreen.storyboard */,
				4D2F6C091D534BC2005FD9BE /* Splash.xib */,
				4DEDB3D11E61D60500A7CDC3 /* Charts.xib */,
				4D3B56761D44E1EA00267C95 /* Assets.xcassets */,
				4D3B567B1D44E1EA00267C95 /* Info.plist */,
				4DBCF0CC1DC125CF00894B04 /* league.json */,
				4D4803F31F191D2200E9D700 /* league_debug.json */,
				4D3B569B1D4512D400267C95 /* teams.json */,
				4D70546D1D4A4FF80039B4AE /* teams_test.json */,
				4D4D51191D5603A600CCED96 /* teams_debug.json */,
				4DA456281D50FD59004D24D8 /* side_bets.json */,
				4D4D511E1D56250C00CCED96 /* manager_stats.json */,
				4D4804081F1CAF6D00E9D700 /* Weeks.csv */,
			);
			name = Resources;
			sourceTree = "<group>";
		};
		4D4804011F1921EA00E9D700 /* 2012_13 */ = {
			isa = PBXGroup;
			children = (
				4D4804021F1921EA00E9D700 /* 2012_13_league.json */,
				4D4804031F1921EA00E9D700 /* 2012_13_weeks.json */,
				4D48044A1F20E56600E9D700 /* 2012_13_side_bets.json */,
			);
			path = 2012_13;
			sourceTree = "<group>";
		};
		4D4804161F1CBD6B00E9D700 /* 2011_12 */ = {
			isa = PBXGroup;
			children = (
				4D4804171F1CBD6B00E9D700 /* 2011_12_league.json */,
				4D4804181F1CBD6B00E9D700 /* 2011_12_weeks.json */,
				4D4804481F20E23D00E9D700 /* 2011_12_side_bets.json */,
			);
			path = 2011_12;
			sourceTree = "<group>";
		};
		4D48041B1F1CCDAB00E9D700 /* 2010_11 */ = {
			isa = PBXGroup;
			children = (
				4D48041C1F1CCDAB00E9D700 /* 2010_11_league.json */,
				4D48041D1F1CCDAB00E9D700 /* 2010_11_weeks.json */,
				4D4804461F20DFAC00E9D700 /* 2010_11_side_bets.json */,
			);
			path = 2010_11;
			sourceTree = "<group>";
		};
		4D4804201F1CF84E00E9D700 /* 2009_10 */ = {
			isa = PBXGroup;
			children = (
				4D4804211F1CF84E00E9D700 /* 2009_10_league.json */,
				4D4804221F1CF84E00E9D700 /* 2009_10_weeks.json */,
				4D4804441F20C8D100E9D700 /* 2009_10_side_bets.json */,
			);
			path = 2009_10;
			sourceTree = "<group>";
		};
		4D4804251F1D02F700E9D700 /* 2008_09 */ = {
			isa = PBXGroup;
			children = (
				4D4804261F1D02F700E9D700 /* 2008_09_league.json */,
				4D4804271F1D02F700E9D700 /* 2008_09_weeks.json */,
				4D4804421F20C58200E9D700 /* 2008_09_side_bets.json */,
			);
			path = 2008_09;
			sourceTree = "<group>";
		};
		4D4D514F1D5CB6C200CCED96 /* Audio */ = {
			isa = PBXGroup;
			children = (
				4D2F6C161D5363A3005FD9BE /* cash.wav */,
				4D4D512F1D5C8EB500CCED96 /* toilet.wav */,
				4D4D51291D5A3EBD00CCED96 /* do_i_not_like_that.wav */,
				4D4D512D1D5A405800CCED96 /* ooh_do_i_not_like_that.wav */,
				4D4D51311D5C98D800CCED96 /* can_we_not_knock_it.wav */,
				4D4D51321D5C98D800CCED96 /* carlton_started_it.wav */,
				4D4D51331D5C98D800CCED96 /* disgraceful.wav */,
				4D4D51341D5C98D800CCED96 /* gotta_go_big.wav */,
				4D4D51351D5C98D800CCED96 /* hit_les.wav */,
				4D4D51361D5C98D800CCED96 /* i_sweat_a_lot.wav */,
				4D4D51371D5C98D800CCED96 /* if_you_were_one_of_my_players.wav */,
				4D4D51381D5C98D800CCED96 /* made_for_wrighty.wav */,
				4D4D51391D5C98D800CCED96 /* platty.wav */,
				4D4D513A1D5C98D800CCED96 /* right_to_the_death.wav */,
				4D4D513B1D5C98D800CCED96 /* sharpey.wav */,
				4D4D513C1D5C98D800CCED96 /* tuck_in_more.wav */,
				4D4D513D1D5C98D800CCED96 /* we_are_in_trouble.wav */,
				4D4D513E1D5C98D800CCED96 /* you_cannot_wait.wav */,
				4D4D513F1D5C98D800CCED96 /* you_know_weve_been_cheated.wav */,
			);
			name = Audio;
			sourceTree = "<group>";
		};
		4DBCF0BA1DBFB83A00894B04 /* hpple */ = {
			isa = PBXGroup;
			children = (
				4DBCF0BB1DBFB8AC00894B04 /* TFHpple.h */,
				4DBCF0BC1DBFB8AC00894B04 /* TFHpple.m */,
				4DBCF0BD1DBFB8AC00894B04 /* TFHppleElement.h */,
				4DBCF0BE1DBFB8AC00894B04 /* TFHppleElement.m */,
				4DBCF0BF1DBFB8AC00894B04 /* XPathQuery.h */,
				4DBCF0C01DBFB8AC00894B04 /* XPathQuery.m */,
			);
			name = hpple;
			sourceTree = "<group>";
		};
		4DBCF0C41DBFB8C400894B04 /* Frameworks */ = {
			isa = PBXGroup;
			children = (
				4DEDB4201E61DB5700A7CDC3 /* UIKit.framework */,
				4DEDB41B1E61DA3C00A7CDC3 /* CoreGraphics.framework */,
				4DEDB40C1E61D78E00A7CDC3 /* Accelerate.framework */,
				4DEDB40A1E61D78900A7CDC3 /* QuartzCore.framework */,
				4DBCF0C71DBFB8DE00894B04 /* libxml2.2.tbd */,
				4DBCF0C51DBFB8C400894B04 /* libxml2.tbd */,
			);
			name = Frameworks;
			sourceTree = "<group>";
		};
		4DD49F7020B5BDF3007FB56D /* 2017_18 */ = {
			isa = PBXGroup;
			children = (
				4DD49F7320B5C005007FB56D /* 2017_18_league.json */,
				4DD49F7220B5C005007FB56D /* 2017_18_overall.html */,
				4DD49F7120B5C005007FB56D /* 2017_18_side_bets.json */,
				4DD49F7520B5C005007FB56D /* 2017_18_starting.html */,
				4DD49F7420B5C005007FB56D /* 2017_18_weeks.json */,
			);
			path = 2017_18;
			sourceTree = "<group>";
		};
		4DEDB4171E61D8FF00A7CDC3 /* Views */ = {
			isa = PBXGroup;
			children = (
				4DEDB40E1E61D81E00A7CDC3 /* TeamChartsView.h */,
				4DEDB40F1E61D81E00A7CDC3 /* TeamChartsView.m */,
				4DEDB4111E61D86F00A7CDC3 /* ChartValues.h */,
				4DEDB4121E61D86F00A7CDC3 /* ChartValues.m */,
				4DEDB4141E61D8F900A7CDC3 /* CoreGraphics.h */,
				4DEDB4151E61D8F900A7CDC3 /* CoreGraphics.m */,
				4DEDB41D1E61DAC700A7CDC3 /* UIBuilder.h */,
				4DEDB41E1E61DAC700A7CDC3 /* UIBuilder.m */,
				4DEDB4221E61DC6700A7CDC3 /* CGPointUtils.h */,
				4DEDB4231E61DC6700A7CDC3 /* CGPointUtils.m */,
			);
			name = Views;
			sourceTree = "<group>";
		};
/* End PBXGroup section */

/* Begin PBXNativeTarget section */
		4D3B56631D44E1EA00267C95 /* FantasyFootball */ = {
			isa = PBXNativeTarget;
			buildConfigurationList = 4D3B56891D44E1EA00267C95 /* Build configuration list for PBXNativeTarget "FantasyFootball" */;
			buildPhases = (
				4D3B56601D44E1EA00267C95 /* Sources */,
				4D3B56611D44E1EA00267C95 /* Frameworks */,
				4D3B56621D44E1EA00267C95 /* Resources */,
				4D2A9A551D47DF6800DCDB15 /* Embed Frameworks */,
				4D70546F1D4A6EA80039B4AE /* ShellScript */,
			);
			buildRules = (
			);
			dependencies = (
				4D327CDF1FBF4B13004A694A /* PBXTargetDependency */,
				4D2A9A541D47DF6700DCDB15 /* PBXTargetDependency */,
			);
			name = FantasyFootball;
			productName = FantasyFootball;
			productReference = 4D3B56641D44E1EA00267C95 /* FantasyFootball.app */;
			productType = "com.apple.product-type.application";
		};
		4D3B567F1D44E1EA00267C95 /* FantasyFootballUITests */ = {
			isa = PBXNativeTarget;
			buildConfigurationList = 4D3B568C1D44E1EA00267C95 /* Build configuration list for PBXNativeTarget "FantasyFootballUITests" */;
			buildPhases = (
				4D3B567C1D44E1EA00267C95 /* Sources */,
				4D3B567D1D44E1EA00267C95 /* Frameworks */,
				4D3B567E1D44E1EA00267C95 /* Resources */,
			);
			buildRules = (
			);
			dependencies = (
				4D3B56821D44E1EA00267C95 /* PBXTargetDependency */,
			);
			name = FantasyFootballUITests;
			productName = FantasyFootballUITests;
			productReference = 4D3B56801D44E1EA00267C95 /* FantasyFootballUITests.xctest */;
			productType = "com.apple.product-type.bundle.ui-testing";
		};
/* End PBXNativeTarget section */

/* Begin PBXProject section */
		4D3B565C1D44E1EA00267C95 /* Project object */ = {
			isa = PBXProject;
			attributes = {
				LastUpgradeCheck = 0720;
				ORGANIZATIONNAME = "MH Riley";
				TargetAttributes = {
					4D3B56631D44E1EA00267C95 = {
						CreatedOnToolsVersion = 7.2;
						DevelopmentTeam = W2V2ML3BSE;
						ProvisioningStyle = Manual;
						SystemCapabilities = {
							com.apple.BackgroundModes = {
								enabled = 0;
							};
							com.apple.Push = {
								enabled = 1;
							};
						};
					};
					4D3B567F1D44E1EA00267C95 = {
						CreatedOnToolsVersion = 7.2;
						TestTargetID = 4D3B56631D44E1EA00267C95;
					};
				};
			};
			buildConfigurationList = 4D3B565F1D44E1EA00267C95 /* Build configuration list for PBXProject "FantasyFootball" */;
			compatibilityVersion = "Xcode 3.2";
			developmentRegion = English;
			hasScannedForEncodings = 0;
			knownRegions = (
				en,
				Base,
			);
			mainGroup = 4D3B565B1D44E1EA00267C95;
			productRefGroup = 4D3B56651D44E1EA00267C95 /* Products */;
			projectDirPath = "";
			projectReferences = (
				{
					ProductGroup = 4D2A9A4C1D47DF2000DCDB15 /* Products */;
					ProjectRef = 4D2A9A4B1D47DF2000DCDB15 /* AirshipKit.xcodeproj */;
				},
				{
					ProductGroup = 4D327CBF1FBF4AF9004A694A /* Products */;
					ProjectRef = 4D327CBE1FBF4AF9004A694A /* CorePlot.xcodeproj */;
				},
			);
			projectRoot = "";
			targets = (
				4D3B56631D44E1EA00267C95 /* FantasyFootball */,
				4D3B567F1D44E1EA00267C95 /* FantasyFootballUITests */,
			);
		};
/* End PBXProject section */

/* Begin PBXReferenceProxy section */
		4D2A9A501D47DF2000DCDB15 /* AirshipKit.framework */ = {
			isa = PBXReferenceProxy;
			fileType = wrapper.framework;
			path = AirshipKit.framework;
			remoteRef = 4D2A9A4F1D47DF2000DCDB15 /* PBXContainerItemProxy */;
			sourceTree = BUILT_PRODUCTS_DIR;
		};
		4D327CCF1FBF4AFA004A694A /* CorePlot.framework */ = {
			isa = PBXReferenceProxy;
			fileType = wrapper.framework;
			path = CorePlot.framework;
			remoteRef = 4D327CCE1FBF4AFA004A694A /* PBXContainerItemProxy */;
			sourceTree = BUILT_PRODUCTS_DIR;
		};
		4D327CD11FBF4AFA004A694A /* UnitTests.xctest */ = {
			isa = PBXReferenceProxy;
			fileType = wrapper.cfbundle;
			path = UnitTests.xctest;
			remoteRef = 4D327CD01FBF4AFA004A694A /* PBXContainerItemProxy */;
			sourceTree = BUILT_PRODUCTS_DIR;
		};
		4D327CD31FBF4AFA004A694A /* CorePlot.framework */ = {
			isa = PBXReferenceProxy;
			fileType = wrapper.framework;
			path = CorePlot.framework;
			remoteRef = 4D327CD21FBF4AFA004A694A /* PBXContainerItemProxy */;
			sourceTree = BUILT_PRODUCTS_DIR;
		};
		4D327CD51FBF4AFA004A694A /* UnitTests iOS.xctest */ = {
			isa = PBXReferenceProxy;
			fileType = wrapper.cfbundle;
			path = "UnitTests iOS.xctest";
			remoteRef = 4D327CD41FBF4AFA004A694A /* PBXContainerItemProxy */;
			sourceTree = BUILT_PRODUCTS_DIR;
		};
		4D327CD71FBF4AFA004A694A /* libCorePlot-CocoaTouch.a */ = {
			isa = PBXReferenceProxy;
			fileType = archive.ar;
			path = "libCorePlot-CocoaTouch.a";
			remoteRef = 4D327CD61FBF4AFA004A694A /* PBXContainerItemProxy */;
			sourceTree = BUILT_PRODUCTS_DIR;
		};
		4D327CD91FBF4AFA004A694A /* CorePlot-CocoaTouchTests.xctest */ = {
			isa = PBXReferenceProxy;
			fileType = wrapper.cfbundle;
			path = "CorePlot-CocoaTouchTests.xctest";
			remoteRef = 4D327CD81FBF4AFA004A694A /* PBXContainerItemProxy */;
			sourceTree = BUILT_PRODUCTS_DIR;
		};
		4D327CDB1FBF4AFA004A694A /* CorePlot.framework */ = {
			isa = PBXReferenceProxy;
			fileType = wrapper.framework;
			path = CorePlot.framework;
			remoteRef = 4D327CDA1FBF4AFA004A694A /* PBXContainerItemProxy */;
			sourceTree = BUILT_PRODUCTS_DIR;
		};
		4D327CDD1FBF4AFA004A694A /* UnitTests tvOS.xctest */ = {
			isa = PBXReferenceProxy;
			fileType = wrapper.cfbundle;
			path = "UnitTests tvOS.xctest";
			remoteRef = 4D327CDC1FBF4AFA004A694A /* PBXContainerItemProxy */;
			sourceTree = BUILT_PRODUCTS_DIR;
		};
/* End PBXReferenceProxy section */

/* Begin PBXResourcesBuildPhase section */
		4D3B56621D44E1EA00267C95 /* Resources */ = {
			isa = PBXResourcesBuildPhase;
			buildActionMask = 2147483647;
			files = (
				4D384F6F1F1F832B00C8E5F5 /* 2004_05_weeks.json in Resources */,
				4D384F6D1F1F832B00C8E5F5 /* 2003_04_weeks.json in Resources */,
				4D4803F41F191D2200E9D700 /* league_debug.json in Resources */,
				4D48043F1F20C20100E9D700 /* 2006_07_side_bets.json in Resources */,
				4D4804051F1921EA00E9D700 /* 2012_13_weeks.json in Resources */,
				4D384F641F1F829F00C8E5F5 /* 2005_06_league.json in Resources */,
				4D4D51481D5C98D800CCED96 /* platty.wav in Resources */,
				4D4D51461D5C98D800CCED96 /* if_you_were_one_of_my_players.wav in Resources */,
				4D48041F1F1CCDAB00E9D700 /* 2010_11_weeks.json in Resources */,
				4D03D0141EE2EE8D00C38DAE /* 2016_17_starting.html in Resources */,
				4D4D51301D5C8EB500CCED96 /* toilet.wav in Resources */,
				4DD49F7720B5C005007FB56D /* 2017_18_overall.html in Resources */,
				4D48044B1F20E56600E9D700 /* 2012_13_side_bets.json in Resources */,
				4D4D512E1D5A405800CCED96 /* ooh_do_i_not_like_that.wav in Resources */,
				4D4D51421D5C98D800CCED96 /* disgraceful.wav in Resources */,
				4DEDB3D21E61D60500A7CDC3 /* Charts.xib in Resources */,
				4D4D514E1D5C98D800CCED96 /* you_know_weve_been_cheated.wav in Resources */,
				4D4804241F1CF84E00E9D700 /* 2009_10_weeks.json in Resources */,
				4DD49F7620B5C005007FB56D /* 2017_18_side_bets.json in Resources */,
				4DBCF0CD1DC125CF00894B04 /* league.json in Resources */,
				4D4D51471D5C98D800CCED96 /* made_for_wrighty.wav in Resources */,
				4D4D51441D5C98D800CCED96 /* hit_les.wav in Resources */,
				4D4D514A1D5C98D800CCED96 /* sharpey.wav in Resources */,
				4D4804041F1921EA00E9D700 /* 2012_13_league.json in Resources */,
				4D384F471F1CABF600C8E5F5 /* 2013_14_league.json in Resources */,
				4D4D511F1D56250C00CCED96 /* manager_stats.json in Resources */,
				4D4804471F20DFAC00E9D700 /* 2010_11_side_bets.json in Resources */,
				4D4D512B1D5A3EBD00CCED96 /* do_i_not_like_that.wav in Resources */,
				4D4804091F1CAF6D00E9D700 /* Weeks.csv in Resources */,
				4D384F431F1A6F3700C8E5F5 /* 2014_15_weeks.json in Resources */,
				4D384F601F1F7FA200C8E5F5 /* 2006_07_weeks.json in Resources */,
				4D384F651F1F829F00C8E5F5 /* 2005_06_weeks.json in Resources */,
				4D70546E1D4A4FF80039B4AE /* teams_test.json in Resources */,
				4D3B569C1D4512D400267C95 /* teams.json in Resources */,
				4D03D0131EE2EE8D00C38DAE /* 2016_17_side_bets.json in Resources */,
				4D03D0121EE2EE8D00C38DAE /* 2016_17_overall.html in Resources */,
				4D2A9A571D47DFC700DCDB15 /* AirshipConfig.plist in Resources */,
				4D3B567A1D44E1EA00267C95 /* LaunchScreen.storyboard in Resources */,
				4D48043B1F20BE2100E9D700 /* 2004_05_side_bets.json in Resources */,
				4D48042D1F20B7D000E9D700 /* 2003_04_side_bets.json in Resources */,
				4D4804281F1D02F700E9D700 /* 2008_09_league.json in Resources */,
				4D2F6C0B1D534BC2005FD9BE /* Splash.xib in Resources */,
				4D4D51401D5C98D800CCED96 /* can_we_not_knock_it.wav in Resources */,
				4D48044D1F20E7D500E9D700 /* 2013_14_side_bets.json in Resources */,
				4D4804411F20C39500E9D700 /* 2007_08_side_bets.json in Resources */,
				4D4804231F1CF84E00E9D700 /* 2009_10_league.json in Resources */,
				4D2F6C171D5363A3005FD9BE /* cash.wav in Resources */,
				4D4D51491D5C98D800CCED96 /* right_to_the_death.wav in Resources */,
				4D48041A1F1CBD6B00E9D700 /* 2011_12_weeks.json in Resources */,
				4D4D514C1D5C98D800CCED96 /* we_are_in_trouble.wav in Resources */,
				4D4D514D1D5C98D800CCED96 /* you_cannot_wait.wav in Resources */,
				4DD49F7920B5C005007FB56D /* 2017_18_weeks.json in Resources */,
				4D03D0151EE2EE8D00C38DAE /* 2016_17_weeks.json in Resources */,
				4D4804191F1CBD6B00E9D700 /* 2011_12_league.json in Resources */,
				4D384F5F1F1F7FA200C8E5F5 /* 2006_07_league.json in Resources */,
				4D4D51451D5C98D800CCED96 /* i_sweat_a_lot.wav in Resources */,
				4D384F6C1F1F832B00C8E5F5 /* 2003_04_league.json in Resources */,
				4D3B56771D44E1EA00267C95 /* Assets.xcassets in Resources */,
				4D384F3B1F1A625D00C8E5F5 /* 2015_16_league.json in Resources */,
				4D384F4F1F1F7B1D00C8E5F5 /* 2007_08_weeks.json in Resources */,
				4D384F4E1F1F7B1D00C8E5F5 /* 2007_08_league.json in Resources */,
				4D2A9A481D47DEF600DCDB15 /* Airship in Resources */,
				4D4804451F20C8D100E9D700 /* 2009_10_side_bets.json in Resources */,
				4D4D514B1D5C98D800CCED96 /* tuck_in_more.wav in Resources */,
				4D4D511A1D5603A600CCED96 /* teams_debug.json in Resources */,
				4DD49F7A20B5C005007FB56D /* 2017_18_starting.html in Resources */,
				4D384F6E1F1F832B00C8E5F5 /* 2004_05_league.json in Resources */,
				4D4D51431D5C98D800CCED96 /* gotta_go_big.wav in Resources */,
				4D384F3C1F1A625D00C8E5F5 /* 2015_16_weeks.json in Resources */,
				4D48044F1F20ECAB00E9D700 /* 2014_15_side_bets.json in Resources */,
				4D384F481F1CABF600C8E5F5 /* 2013_14_weeks.json in Resources */,
				4D2A9A4A1D47DF0100DCDB15 /* AirshipKit in Resources */,
				4D48041E1F1CCDAB00E9D700 /* 2010_11_league.json in Resources */,
				4D4804291F1D02F700E9D700 /* 2008_09_weeks.json in Resources */,
				4D4804431F20C58200E9D700 /* 2008_09_side_bets.json in Resources */,
				4D4D51411D5C98D800CCED96 /* carlton_started_it.wav in Resources */,
				4DA456291D50FD59004D24D8 /* side_bets.json in Resources */,
				4D48043D1F20C04100E9D700 /* 2005_06_side_bets.json in Resources */,
				4D4804491F20E23D00E9D700 /* 2011_12_side_bets.json in Resources */,
				4D384F421F1A6F3700C8E5F5 /* 2014_15_league.json in Resources */,
				4D4804511F20F1B500E9D700 /* 2015_16_side_bets.json in Resources */,
				4D3B56751D44E1EA00267C95 /* Main.storyboard in Resources */,
				4D03D0111EE2EE8D00C38DAE /* 2016_17_league.json in Resources */,
				4DD49F7820B5C005007FB56D /* 2017_18_league.json in Resources */,
			);
			runOnlyForDeploymentPostprocessing = 0;
		};
		4D3B567E1D44E1EA00267C95 /* Resources */ = {
			isa = PBXResourcesBuildPhase;
			buildActionMask = 2147483647;
			files = (
			);
			runOnlyForDeploymentPostprocessing = 0;
		};
/* End PBXResourcesBuildPhase section */

/* Begin PBXShellScriptBuildPhase section */
		4D70546F1D4A6EA80039B4AE /* ShellScript */ = {
			isa = PBXShellScriptBuildPhase;
			buildActionMask = 2147483647;
			files = (
			);
			inputPaths = (
			);
			outputPaths = (
			);
			runOnlyForDeploymentPostprocessing = 0;
			shellPath = /bin/sh;
			shellScript = "./Fabric.framework/run 2ee48ac33199b3be2faeaee514e2a7208e7e0f13 820dd44aafa688841cece3950a84c29cb49215e2b6e7e7bc8b4d34094b100839";
		};
/* End PBXShellScriptBuildPhase section */

/* Begin PBXSourcesBuildPhase section */
		4D3B56601D44E1EA00267C95 /* Sources */ = {
			isa = PBXSourcesBuildPhase;
			buildActionMask = 2147483647;
			files = (
				4DA309B51D89B82E0000A4F7 /* FUCupViewController.m in Sources */,
				4DA309B81D89BBCE0000A4F7 /* CupRound.m in Sources */,
				4DEDB4131E61D86F00A7CDC3 /* ChartValues.m in Sources */,
				4DEDB41F1E61DAC700A7CDC3 /* UIBuilder.m in Sources */,
				4D2A99CE1D47628500DCDB15 /* DismissSegue.m in Sources */,
				4D2A99CB1D47566800DCDB15 /* Util.m in Sources */,
				4D3B56961D44FD7000267C95 /* LeagueViewController.m in Sources */,
				4DA456271D50F08E004D24D8 /* SideBetsViewController.m in Sources */,
				4D03D0031EE1AF8300C38DAE /* PastSeasonsStatsViewController.m in Sources */,
				4D4D51251D562D9600CCED96 /* StatsKeyValueViewController.m in Sources */,
				4D2F6C0F1D535B1F005FD9BE /* AnimatedNumericLabel.m in Sources */,
				4D3B56A21D4515F000267C95 /* TeamManager.m in Sources */,
				4D3B569F1D45137F00267C95 /* DataManager.m in Sources */,
				4D3B56A71D453D0300267C95 /* GoldenBootViewController.m in Sources */,
				4DE26F951D64C0DB008DB3B8 /* MBProgressHUD.m in Sources */,
				4DF241201D46302100AF4F1A /* Month.m in Sources */,
				4D4D51281D59F08300CCED96 /* DINLTStatsViewController.m in Sources */,
				4DF2411D1D461F0600AF4F1A /* MOTMViewController.m in Sources */,
				4D2F6C141D5362D4005FD9BE /* SoundEffect.m in Sources */,
				4DEDB4241E61DC6700A7CDC3 /* CGPointUtils.m in Sources */,
				4D3B566C1D44E1EA00267C95 /* AppDelegate.m in Sources */,
				4DEDB4161E61D8F900A7CDC3 /* CoreGraphics.m in Sources */,
				4D2F6C151D5362D4005FD9BE /* SoundEffects.m in Sources */,
				4D4D51221D56298800CCED96 /* ManagerStatsDetailViewController.m in Sources */,
				4DEDB4091E61D6D800A7CDC3 /* TeamCharts.m in Sources */,
				4D3B56991D4504F400267C95 /* Team.m in Sources */,
				4D4D511D1D56244C00CCED96 /* ManagerStatsViewController.m in Sources */,
				4D2F6C061D5349DB005FD9BE /* LaunchScreenViewController.m in Sources */,
				4DEDB4101E61D81E00A7CDC3 /* TeamChartsView.m in Sources */,
				4D2A99D11D4762FA00DCDB15 /* WhoAreYaViewController.m in Sources */,
				4DF241231D463F9900AF4F1A /* TeamDetailViewController.m in Sources */,
				4DBCF0C31DBFB8AC00894B04 /* XPathQuery.m in Sources */,
				4DBCF0C21DBFB8AC00894B04 /* TFHppleElement.m in Sources */,
				4DBCF0C11DBFB8AC00894B04 /* TFHpple.m in Sources */,
				4DD47C991D4D3240008D64A7 /* StatsViewController.m in Sources */,
				4DB621C21D4E56B700E1F528 /* Week.m in Sources */,
				4DB621BF1D4E199800E1F528 /* TeamWeek.m in Sources */,
				4D3B56691D44E1EA00267C95 /* main.m in Sources */,
			);
			runOnlyForDeploymentPostprocessing = 0;
		};
		4D3B567C1D44E1EA00267C95 /* Sources */ = {
			isa = PBXSourcesBuildPhase;
			buildActionMask = 2147483647;
			files = (
				4D3B56851D44E1EA00267C95 /* FantasyFootballUITests.m in Sources */,
			);
			runOnlyForDeploymentPostprocessing = 0;
		};
/* End PBXSourcesBuildPhase section */

/* Begin PBXTargetDependency section */
		4D2A9A541D47DF6700DCDB15 /* PBXTargetDependency */ = {
			isa = PBXTargetDependency;
			name = AirshipKit;
			targetProxy = 4D2A9A531D47DF6700DCDB15 /* PBXContainerItemProxy */;
		};
		4D327CDF1FBF4B13004A694A /* PBXTargetDependency */ = {
			isa = PBXTargetDependency;
			name = "CorePlot-CocoaTouch";
			targetProxy = 4D327CDE1FBF4B13004A694A /* PBXContainerItemProxy */;
		};
		4D3B56821D44E1EA00267C95 /* PBXTargetDependency */ = {
			isa = PBXTargetDependency;
			target = 4D3B56631D44E1EA00267C95 /* FantasyFootball */;
			targetProxy = 4D3B56811D44E1EA00267C95 /* PBXContainerItemProxy */;
		};
/* End PBXTargetDependency section */

/* Begin PBXVariantGroup section */
		4D3B56731D44E1EA00267C95 /* Main.storyboard */ = {
			isa = PBXVariantGroup;
			children = (
				4D3B56741D44E1EA00267C95 /* Base */,
			);
			name = Main.storyboard;
			sourceTree = "<group>";
		};
		4D3B56781D44E1EA00267C95 /* LaunchScreen.storyboard */ = {
			isa = PBXVariantGroup;
			children = (
				4D3B56791D44E1EA00267C95 /* Base */,
			);
			name = LaunchScreen.storyboard;
			sourceTree = "<group>";
		};
/* End PBXVariantGroup section */

/* Begin XCBuildConfiguration section */
		4D3B56871D44E1EA00267C95 /* Debug */ = {
			isa = XCBuildConfiguration;
			buildSettings = {
				ALWAYS_SEARCH_USER_PATHS = NO;
				CLANG_CXX_LANGUAGE_STANDARD = "gnu++0x";
				CLANG_CXX_LIBRARY = "libc++";
				CLANG_ENABLE_MODULES = YES;
				CLANG_ENABLE_OBJC_ARC = YES;
				CLANG_WARN_BOOL_CONVERSION = YES;
				CLANG_WARN_CONSTANT_CONVERSION = YES;
				CLANG_WARN_DIRECT_OBJC_ISA_USAGE = YES_ERROR;
				CLANG_WARN_EMPTY_BODY = YES;
				CLANG_WARN_ENUM_CONVERSION = YES;
				CLANG_WARN_INT_CONVERSION = YES;
				CLANG_WARN_OBJC_ROOT_CLASS = YES_ERROR;
				CLANG_WARN_UNREACHABLE_CODE = YES;
				CLANG_WARN__DUPLICATE_METHOD_MATCH = YES;
				"CODE_SIGN_IDENTITY[sdk=iphoneos*]" = "iPhone Developer";
				COPY_PHASE_STRIP = NO;
				DEBUG_INFORMATION_FORMAT = dwarf;
				ENABLE_STRICT_OBJC_MSGSEND = YES;
				ENABLE_TESTABILITY = YES;
				GCC_C_LANGUAGE_STANDARD = gnu99;
				GCC_DYNAMIC_NO_PIC = NO;
				GCC_NO_COMMON_BLOCKS = YES;
				GCC_OPTIMIZATION_LEVEL = 0;
				GCC_PREPROCESSOR_DEFINITIONS = (
					"DEBUG=1",
					"$(inherited)",
				);
				GCC_WARN_64_TO_32_BIT_CONVERSION = YES;
				GCC_WARN_ABOUT_RETURN_TYPE = YES_ERROR;
				GCC_WARN_UNDECLARED_SELECTOR = YES;
				GCC_WARN_UNINITIALIZED_AUTOS = YES_AGGRESSIVE;
				GCC_WARN_UNUSED_FUNCTION = YES;
				GCC_WARN_UNUSED_VARIABLE = YES;
				IPHONEOS_DEPLOYMENT_TARGET = 9.2;
				MTL_ENABLE_DEBUG_INFO = YES;
				ONLY_ACTIVE_ARCH = YES;
				SDKROOT = iphoneos;
				TARGETED_DEVICE_FAMILY = "1,2";
			};
			name = Debug;
		};
		4D3B56881D44E1EA00267C95 /* Release */ = {
			isa = XCBuildConfiguration;
			buildSettings = {
				ALWAYS_SEARCH_USER_PATHS = NO;
				CLANG_CXX_LANGUAGE_STANDARD = "gnu++0x";
				CLANG_CXX_LIBRARY = "libc++";
				CLANG_ENABLE_MODULES = YES;
				CLANG_ENABLE_OBJC_ARC = YES;
				CLANG_WARN_BOOL_CONVERSION = YES;
				CLANG_WARN_CONSTANT_CONVERSION = YES;
				CLANG_WARN_DIRECT_OBJC_ISA_USAGE = YES_ERROR;
				CLANG_WARN_EMPTY_BODY = YES;
				CLANG_WARN_ENUM_CONVERSION = YES;
				CLANG_WARN_INT_CONVERSION = YES;
				CLANG_WARN_OBJC_ROOT_CLASS = YES_ERROR;
				CLANG_WARN_UNREACHABLE_CODE = YES;
				CLANG_WARN__DUPLICATE_METHOD_MATCH = YES;
				"CODE_SIGN_IDENTITY[sdk=iphoneos*]" = "iPhone Developer";
				COPY_PHASE_STRIP = NO;
				DEBUG_INFORMATION_FORMAT = "dwarf-with-dsym";
				ENABLE_NS_ASSERTIONS = NO;
				ENABLE_STRICT_OBJC_MSGSEND = YES;
				GCC_C_LANGUAGE_STANDARD = gnu99;
				GCC_NO_COMMON_BLOCKS = YES;
				GCC_WARN_64_TO_32_BIT_CONVERSION = YES;
				GCC_WARN_ABOUT_RETURN_TYPE = YES_ERROR;
				GCC_WARN_UNDECLARED_SELECTOR = YES;
				GCC_WARN_UNINITIALIZED_AUTOS = YES_AGGRESSIVE;
				GCC_WARN_UNUSED_FUNCTION = YES;
				GCC_WARN_UNUSED_VARIABLE = YES;
				IPHONEOS_DEPLOYMENT_TARGET = 9.2;
				MTL_ENABLE_DEBUG_INFO = NO;
				SDKROOT = iphoneos;
				TARGETED_DEVICE_FAMILY = "1,2";
				VALIDATE_PRODUCT = YES;
			};
			name = Release;
		};
		4D3B568A1D44E1EA00267C95 /* Debug */ = {
			isa = XCBuildConfiguration;
			buildSettings = {
				ASSETCATALOG_COMPILER_APPICON_NAME = AppIcon;
				CODE_SIGN_ENTITLEMENTS = FantasyFootball/FantasyFootball.entitlements;
				CODE_SIGN_IDENTITY = "iPhone Developer: Mark Riley (K7UL8BTV9C)";
				"CODE_SIGN_IDENTITY[sdk=iphoneos*]" = "iPhone Developer";
				CODE_SIGN_STYLE = Manual;
				DEBUG_INFORMATION_FORMAT = "dwarf-with-dsym";
				DEVELOPMENT_TEAM = W2V2ML3BSE;
				ENABLE_BITCODE = NO;
				FRAMEWORK_SEARCH_PATHS = (
					"$(inherited)",
					"$(PROJECT_DIR)",
				);
				HEADER_SEARCH_PATHS = (
					"$(SDKROOT)/usr/include/libxml2",
					"/Users/Mark/Documents/Apps/core-plot-release-2.3/framework/**",
				);
				INFOPLIST_FILE = FantasyFootball/Info.plist;
				IPHONEOS_DEPLOYMENT_TARGET = 8.0;
				LD_RUNPATH_SEARCH_PATHS = "$(inherited) @executable_path/Frameworks";
				LIBRARY_SEARCH_PATHS = (
					"$(inherited)",
					"$(PROJECT_DIR)/Airship",
				);
				OTHER_LDFLAGS = "-ObjC";
				PRODUCT_BUNDLE_IDENTIFIER = com.mhriley.FantasyFootball;
				PRODUCT_NAME = "$(TARGET_NAME)";
				PROVISIONING_PROFILE = "436b3191-87e5-4b42-b04b-f152d9b06096";
				PROVISIONING_PROFILE_SPECIFIER = "Fantasy Football Dev";
			};
			name = Debug;
		};
		4D3B568B1D44E1EA00267C95 /* Release */ = {
			isa = XCBuildConfiguration;
			buildSettings = {
				ASSETCATALOG_COMPILER_APPICON_NAME = AppIcon;
				CODE_SIGN_ENTITLEMENTS = FantasyFootball/FantasyFootball.entitlements;
				CODE_SIGN_IDENTITY = "iPhone Distribution";
				"CODE_SIGN_IDENTITY[sdk=iphoneos*]" = "iPhone Distribution";
				CODE_SIGN_STYLE = Manual;
				DEVELOPMENT_TEAM = W2V2ML3BSE;
				ENABLE_BITCODE = NO;
				FRAMEWORK_SEARCH_PATHS = (
					"$(inherited)",
					"$(PROJECT_DIR)",
				);
				HEADER_SEARCH_PATHS = (
					"$(SDKROOT)/usr/include/libxml2",
					"/Users/Mark/Documents/Apps/core-plot-release-2.3/framework/**",
				);
				INFOPLIST_FILE = FantasyFootball/Info.plist;
				IPHONEOS_DEPLOYMENT_TARGET = 8.0;
				LD_RUNPATH_SEARCH_PATHS = "$(inherited) @executable_path/Frameworks";
				LIBRARY_SEARCH_PATHS = (
					"$(inherited)",
					"$(PROJECT_DIR)/Airship",
				);
				ONLY_ACTIVE_ARCH = YES;
				OTHER_LDFLAGS = "-ObjC";
				PRODUCT_BUNDLE_IDENTIFIER = com.mhriley.FantasyFootball;
				PRODUCT_NAME = "$(TARGET_NAME)";
				PROVISIONING_PROFILE = "db163e7b-fb56-4014-ac10-c4e894fb1f1d";
				PROVISIONING_PROFILE_SPECIFIER = "Fantasy Football Ad Hoc";
			};
			name = Release;
		};
		4D3B568D1D44E1EA00267C95 /* Debug */ = {
			isa = XCBuildConfiguration;
			buildSettings = {
				INFOPLIST_FILE = FantasyFootballUITests/Info.plist;
				LD_RUNPATH_SEARCH_PATHS = "$(inherited) @executable_path/Frameworks @loader_path/Frameworks";
				PRODUCT_BUNDLE_IDENTIFIER = com.mhriley.FantasyFootballUITests;
				PRODUCT_NAME = "$(TARGET_NAME)";
				TEST_TARGET_NAME = FantasyFootball;
				USES_XCTRUNNER = YES;
			};
			name = Debug;
		};
		4D3B568E1D44E1EA00267C95 /* Release */ = {
			isa = XCBuildConfiguration;
			buildSettings = {
				INFOPLIST_FILE = FantasyFootballUITests/Info.plist;
				LD_RUNPATH_SEARCH_PATHS = "$(inherited) @executable_path/Frameworks @loader_path/Frameworks";
				PRODUCT_BUNDLE_IDENTIFIER = com.mhriley.FantasyFootballUITests;
				PRODUCT_NAME = "$(TARGET_NAME)";
				TEST_TARGET_NAME = FantasyFootball;
				USES_XCTRUNNER = YES;
			};
			name = Release;
		};
/* End XCBuildConfiguration section */

/* Begin XCConfigurationList section */
		4D3B565F1D44E1EA00267C95 /* Build configuration list for PBXProject "FantasyFootball" */ = {
			isa = XCConfigurationList;
			buildConfigurations = (
				4D3B56871D44E1EA00267C95 /* Debug */,
				4D3B56881D44E1EA00267C95 /* Release */,
			);
			defaultConfigurationIsVisible = 0;
			defaultConfigurationName = Release;
		};
		4D3B56891D44E1EA00267C95 /* Build configuration list for PBXNativeTarget "FantasyFootball" */ = {
			isa = XCConfigurationList;
			buildConfigurations = (
				4D3B568A1D44E1EA00267C95 /* Debug */,
				4D3B568B1D44E1EA00267C95 /* Release */,
			);
			defaultConfigurationIsVisible = 0;
			defaultConfigurationName = Release;
		};
		4D3B568C1D44E1EA00267C95 /* Build configuration list for PBXNativeTarget "FantasyFootballUITests" */ = {
			isa = XCConfigurationList;
			buildConfigurations = (
				4D3B568D1D44E1EA00267C95 /* Debug */,
				4D3B568E1D44E1EA00267C95 /* Release */,
			);
			defaultConfigurationIsVisible = 0;
			defaultConfigurationName = Release;
		};
/* End XCConfigurationList section */
	};
	rootObject = 4D3B565C1D44E1EA00267C95 /* Project object */;
}
