// !$*UTF8*$!
{
	archiveVersion = 1;
	classes = {
	};
	objectVersion = 46;
	objects = {

/* Begin PBXBuildFile section */
		4D2A99CB1D47566800DCDB15 /* Util.m in Sources */ = {isa = PBXBuildFile; fileRef = 4D2A99CA1D47566800DCDB15 /* Util.m */; };
		4D2A99CE1D47628500DCDB15 /* DismissSegue.m in Sources */ = {isa = PBXBuildFile; fileRef = 4D2A99CD1D47628500DCDB15 /* DismissSegue.m */; };
		4D2A99D11D4762FA00DCDB15 /* WhoAreYaViewController.m in Sources */ = {isa = PBXBuildFile; fileRef = 4D2A99D01D4762FA00DCDB15 /* WhoAreYaViewController.m */; };
		4D2A9A481D47DEF600DCDB15 /* Airship in Resources */ = {isa = PBXBuildFile; fileRef = 4D2A9A471D47DEF600DCDB15 /* Airship */; };
		4D2A9A4A1D47DF0100DCDB15 /* AirshipKit in Resources */ = {isa = PBXBuildFile; fileRef = 4D2A9A491D47DF0100DCDB15 /* AirshipKit */; };
		4D2A9A511D47DF6700DCDB15 /* AirshipKit.framework in Frameworks */ = {isa = PBXBuildFile; fileRef = 4D2A9A501D47DF2000DCDB15 /* AirshipKit.framework */; };
		4D2A9A521D47DF6700DCDB15 /* AirshipKit.framework in Embed Frameworks */ = {isa = PBXBuildFile; fileRef = 4D2A9A501D47DF2000DCDB15 /* AirshipKit.framework */; settings = {ATTRIBUTES = (CodeSignOnCopy, RemoveHeadersOnCopy, ); }; };
		4D2A9A571D47DFC700DCDB15 /* AirshipConfig.plist in Resources */ = {isa = PBXBuildFile; fileRef = 4D2A9A561D47DFC700DCDB15 /* AirshipConfig.plist */; };
		4D3B56691D44E1EA00267C95 /* main.m in Sources */ = {isa = PBXBuildFile; fileRef = 4D3B56681D44E1EA00267C95 /* main.m */; };
		4D3B566C1D44E1EA00267C95 /* AppDelegate.m in Sources */ = {isa = PBXBuildFile; fileRef = 4D3B566B1D44E1EA00267C95 /* AppDelegate.m */; };
		4D3B56751D44E1EA00267C95 /* Main.storyboard in Resources */ = {isa = PBXBuildFile; fileRef = 4D3B56731D44E1EA00267C95 /* Main.storyboard */; };
		4D3B56771D44E1EA00267C95 /* Assets.xcassets in Resources */ = {isa = PBXBuildFile; fileRef = 4D3B56761D44E1EA00267C95 /* Assets.xcassets */; };
		4D3B567A1D44E1EA00267C95 /* LaunchScreen.storyboard in Resources */ = {isa = PBXBuildFile; fileRef = 4D3B56781D44E1EA00267C95 /* LaunchScreen.storyboard */; };
		4D3B56851D44E1EA00267C95 /* FantasyFootballUITests.m in Sources */ = {isa = PBXBuildFile; fileRef = 4D3B56841D44E1EA00267C95 /* FantasyFootballUITests.m */; };
		4D3B56961D44FD7000267C95 /* LeagueViewController.m in Sources */ = {isa = PBXBuildFile; fileRef = 4D3B56951D44FD7000267C95 /* LeagueViewController.m */; };
		4D3B56991D4504F400267C95 /* Team.m in Sources */ = {isa = PBXBuildFile; fileRef = 4D3B56981D4504F400267C95 /* Team.m */; };
		4D3B569C1D4512D400267C95 /* teams.json in Resources */ = {isa = PBXBuildFile; fileRef = 4D3B569B1D4512D400267C95 /* teams.json */; };
		4D3B569F1D45137F00267C95 /* SettingsManager.m in Sources */ = {isa = PBXBuildFile; fileRef = 4D3B569E1D45137F00267C95 /* SettingsManager.m */; };
		4D3B56A21D4515F000267C95 /* TeamManager.m in Sources */ = {isa = PBXBuildFile; fileRef = 4D3B56A11D4515F000267C95 /* TeamManager.m */; };
		4D3B56A71D453D0300267C95 /* GoldenBootViewController.m in Sources */ = {isa = PBXBuildFile; fileRef = 4D3B56A61D453D0300267C95 /* GoldenBootViewController.m */; };
		4D70546E1D4A4FF80039B4AE /* teams_test.json in Resources */ = {isa = PBXBuildFile; fileRef = 4D70546D1D4A4FF80039B4AE /* teams_test.json */; };
		4D7054721D4A6EDB0039B4AE /* Fabric.framework in Frameworks */ = {isa = PBXBuildFile; fileRef = 4D7054701D4A6EDB0039B4AE /* Fabric.framework */; };
		4D7054731D4A6EDB0039B4AE /* Crashlytics.framework in Frameworks */ = {isa = PBXBuildFile; fileRef = 4D7054711D4A6EDB0039B4AE /* Crashlytics.framework */; };
		4DB621BF1D4E199800E1F528 /* TeamWeek.m in Sources */ = {isa = PBXBuildFile; fileRef = 4DB621BE1D4E199800E1F528 /* TeamWeek.m */; };
		4DB621C21D4E56B700E1F528 /* Week.m in Sources */ = {isa = PBXBuildFile; fileRef = 4DB621C11D4E56B700E1F528 /* Week.m */; };
		4DD47C991D4D3240008D64A7 /* StatsViewController.m in Sources */ = {isa = PBXBuildFile; fileRef = 4DD47C981D4D3240008D64A7 /* StatsViewController.m */; };
		4DF2411D1D461F0600AF4F1A /* MOTMViewController.m in Sources */ = {isa = PBXBuildFile; fileRef = 4DF2411C1D461F0600AF4F1A /* MOTMViewController.m */; };
		4DF241201D46302100AF4F1A /* Month.m in Sources */ = {isa = PBXBuildFile; fileRef = 4DF2411F1D46302100AF4F1A /* Month.m */; };
		4DF241231D463F9900AF4F1A /* TeamDetailViewController.m in Sources */ = {isa = PBXBuildFile; fileRef = 4DF241221D463F9900AF4F1A /* TeamDetailViewController.m */; };
/* End PBXBuildFile section */

/* Begin PBXContainerItemProxy section */
		4D2A9A4F1D47DF2000DCDB15 /* PBXContainerItemProxy */ = {
			isa = PBXContainerItemProxy;
			containerPortal = 4D2A9A4B1D47DF2000DCDB15 /* AirshipKit.xcodeproj */;
			proxyType = 2;
			remoteGlobalIDString = 494DD9571B0EB677009C134E;
			remoteInfo = AirshipKit;
		};
		4D2A9A531D47DF6700DCDB15 /* PBXContainerItemProxy */ = {
			isa = PBXContainerItemProxy;
			containerPortal = 4D2A9A4B1D47DF2000DCDB15 /* AirshipKit.xcodeproj */;
			proxyType = 1;
			remoteGlobalIDString = 494DD9561B0EB677009C134E;
			remoteInfo = AirshipKit;
		};
		4D3B56811D44E1EA00267C95 /* PBXContainerItemProxy */ = {
			isa = PBXContainerItemProxy;
			containerPortal = 4D3B565C1D44E1EA00267C95 /* Project object */;
			proxyType = 1;
			remoteGlobalIDString = 4D3B56631D44E1EA00267C95;
			remoteInfo = FantasyFootball;
		};
/* End PBXContainerItemProxy section */

/* Begin PBXCopyFilesBuildPhase section */
		4D2A9A551D47DF6800DCDB15 /* Embed Frameworks */ = {
			isa = PBXCopyFilesBuildPhase;
			buildActionMask = 2147483647;
			dstPath = "";
			dstSubfolderSpec = 10;
			files = (
				4D2A9A521D47DF6700DCDB15 /* AirshipKit.framework in Embed Frameworks */,
			);
			name = "Embed Frameworks";
			runOnlyForDeploymentPostprocessing = 0;
		};
/* End PBXCopyFilesBuildPhase section */

/* Begin PBXFileReference section */
		4D2A99C91D47566800DCDB15 /* Util.h */ = {isa = PBXFileReference; fileEncoding = 4; lastKnownFileType = sourcecode.c.h; path = Util.h; sourceTree = "<group>"; };
		4D2A99CA1D47566800DCDB15 /* Util.m */ = {isa = PBXFileReference; fileEncoding = 4; lastKnownFileType = sourcecode.c.objc; path = Util.m; sourceTree = "<group>"; };
		4D2A99CC1D47628500DCDB15 /* DismissSegue.h */ = {isa = PBXFileReference; fileEncoding = 4; lastKnownFileType = sourcecode.c.h; path = DismissSegue.h; sourceTree = "<group>"; };
		4D2A99CD1D47628500DCDB15 /* DismissSegue.m */ = {isa = PBXFileReference; fileEncoding = 4; lastKnownFileType = sourcecode.c.objc; path = DismissSegue.m; sourceTree = "<group>"; };
		4D2A99CF1D4762FA00DCDB15 /* WhoAreYaViewController.h */ = {isa = PBXFileReference; fileEncoding = 4; lastKnownFileType = sourcecode.c.h; path = WhoAreYaViewController.h; sourceTree = "<group>"; };
		4D2A99D01D4762FA00DCDB15 /* WhoAreYaViewController.m */ = {isa = PBXFileReference; fileEncoding = 4; lastKnownFileType = sourcecode.c.objc; path = WhoAreYaViewController.m; sourceTree = "<group>"; };
		4D2A9A471D47DEF600DCDB15 /* Airship */ = {isa = PBXFileReference; lastKnownFileType = folder; path = Airship; sourceTree = "<group>"; };
		4D2A9A491D47DF0100DCDB15 /* AirshipKit */ = {isa = PBXFileReference; lastKnownFileType = folder; path = AirshipKit; sourceTree = "<group>"; };
		4D2A9A4B1D47DF2000DCDB15 /* AirshipKit.xcodeproj */ = {isa = PBXFileReference; lastKnownFileType = "wrapper.pb-project"; name = AirshipKit.xcodeproj; path = "../UrbanAirship-7.2.0/AirshipKit/AirshipKit.xcodeproj"; sourceTree = "<group>"; };
		4D2A9A561D47DFC700DCDB15 /* AirshipConfig.plist */ = {isa = PBXFileReference; fileEncoding = 4; lastKnownFileType = text.plist.xml; path = AirshipConfig.plist; sourceTree = "<group>"; };
		4D2A9A581D48B49E00DCDB15 /* Constants.h */ = {isa = PBXFileReference; fileEncoding = 4; lastKnownFileType = sourcecode.c.h; path = Constants.h; sourceTree = "<group>"; };
		4D3B56641D44E1EA00267C95 /* FantasyFootball.app */ = {isa = PBXFileReference; explicitFileType = wrapper.application; includeInIndex = 0; path = FantasyFootball.app; sourceTree = BUILT_PRODUCTS_DIR; };
		4D3B56681D44E1EA00267C95 /* main.m */ = {isa = PBXFileReference; lastKnownFileType = sourcecode.c.objc; path = main.m; sourceTree = "<group>"; };
		4D3B566A1D44E1EA00267C95 /* AppDelegate.h */ = {isa = PBXFileReference; lastKnownFileType = sourcecode.c.h; path = AppDelegate.h; sourceTree = "<group>"; };
		4D3B566B1D44E1EA00267C95 /* AppDelegate.m */ = {isa = PBXFileReference; lastKnownFileType = sourcecode.c.objc; path = AppDelegate.m; sourceTree = "<group>"; };
		4D3B56741D44E1EA00267C95 /* Base */ = {isa = PBXFileReference; lastKnownFileType = file.storyboard; name = Base; path = Base.lproj/Main.storyboard; sourceTree = "<group>"; };
		4D3B56761D44E1EA00267C95 /* Assets.xcassets */ = {isa = PBXFileReference; lastKnownFileType = folder.assetcatalog; path = Assets.xcassets; sourceTree = "<group>"; };
		4D3B56791D44E1EA00267C95 /* Base */ = {isa = PBXFileReference; lastKnownFileType = file.storyboard; name = Base; path = Base.lproj/LaunchScreen.storyboard; sourceTree = "<group>"; };
		4D3B567B1D44E1EA00267C95 /* Info.plist */ = {isa = PBXFileReference; lastKnownFileType = text.plist.xml; path = Info.plist; sourceTree = "<group>"; };
		4D3B56801D44E1EA00267C95 /* FantasyFootballUITests.xctest */ = {isa = PBXFileReference; explicitFileType = wrapper.cfbundle; includeInIndex = 0; path = FantasyFootballUITests.xctest; sourceTree = BUILT_PRODUCTS_DIR; };
		4D3B56841D44E1EA00267C95 /* FantasyFootballUITests.m */ = {isa = PBXFileReference; lastKnownFileType = sourcecode.c.objc; path = FantasyFootballUITests.m; sourceTree = "<group>"; };
		4D3B56861D44E1EA00267C95 /* Info.plist */ = {isa = PBXFileReference; lastKnownFileType = text.plist.xml; path = Info.plist; sourceTree = "<group>"; };
		4D3B56941D44FD7000267C95 /* LeagueViewController.h */ = {isa = PBXFileReference; fileEncoding = 4; lastKnownFileType = sourcecode.c.h; path = LeagueViewController.h; sourceTree = "<group>"; };
		4D3B56951D44FD7000267C95 /* LeagueViewController.m */ = {isa = PBXFileReference; fileEncoding = 4; lastKnownFileType = sourcecode.c.objc; path = LeagueViewController.m; sourceTree = "<group>"; };
		4D3B56971D4504F400267C95 /* Team.h */ = {isa = PBXFileReference; fileEncoding = 4; lastKnownFileType = sourcecode.c.h; path = Team.h; sourceTree = "<group>"; };
		4D3B56981D4504F400267C95 /* Team.m */ = {isa = PBXFileReference; fileEncoding = 4; lastKnownFileType = sourcecode.c.objc; path = Team.m; sourceTree = "<group>"; };
		4D3B569B1D4512D400267C95 /* teams.json */ = {isa = PBXFileReference; fileEncoding = 4; lastKnownFileType = text.json; path = teams.json; sourceTree = "<group>"; };
		4D3B569D1D45137F00267C95 /* SettingsManager.h */ = {isa = PBXFileReference; fileEncoding = 4; lastKnownFileType = sourcecode.c.h; path = SettingsManager.h; sourceTree = "<group>"; };
		4D3B569E1D45137F00267C95 /* SettingsManager.m */ = {isa = PBXFileReference; fileEncoding = 4; lastKnownFileType = sourcecode.c.objc; path = SettingsManager.m; sourceTree = "<group>"; };
		4D3B56A01D4515F000267C95 /* TeamManager.h */ = {isa = PBXFileReference; fileEncoding = 4; lastKnownFileType = sourcecode.c.h; path = TeamManager.h; sourceTree = "<group>"; };
		4D3B56A11D4515F000267C95 /* TeamManager.m */ = {isa = PBXFileReference; fileEncoding = 4; lastKnownFileType = sourcecode.c.objc; path = TeamManager.m; sourceTree = "<group>"; };
		4D3B56A51D453CF900267C95 /* GoldenBootViewController.h */ = {isa = PBXFileReference; fileEncoding = 4; lastKnownFileType = sourcecode.c.h; path = GoldenBootViewController.h; sourceTree = "<group>"; };
		4D3B56A61D453D0300267C95 /* GoldenBootViewController.m */ = {isa = PBXFileReference; fileEncoding = 4; lastKnownFileType = sourcecode.c.objc; path = GoldenBootViewController.m; sourceTree = "<group>"; };
		4D70546D1D4A4FF80039B4AE /* teams_test.json */ = {isa = PBXFileReference; fileEncoding = 4; lastKnownFileType = text.json; path = teams_test.json; sourceTree = "<group>"; };
		4D7054701D4A6EDB0039B4AE /* Fabric.framework */ = {isa = PBXFileReference; lastKnownFileType = wrapper.framework; path = Fabric.framework; sourceTree = "<group>"; };
		4D7054711D4A6EDB0039B4AE /* Crashlytics.framework */ = {isa = PBXFileReference; lastKnownFileType = wrapper.framework; path = Crashlytics.framework; sourceTree = "<group>"; };
		4DB621BD1D4E199800E1F528 /* TeamWeek.h */ = {isa = PBXFileReference; fileEncoding = 4; lastKnownFileType = sourcecode.c.h; path = TeamWeek.h; sourceTree = "<group>"; };
		4DB621BE1D4E199800E1F528 /* TeamWeek.m */ = {isa = PBXFileReference; fileEncoding = 4; lastKnownFileType = sourcecode.c.objc; path = TeamWeek.m; sourceTree = "<group>"; };
		4DB621C01D4E56B700E1F528 /* Week.h */ = {isa = PBXFileReference; fileEncoding = 4; lastKnownFileType = sourcecode.c.h; path = Week.h; sourceTree = "<group>"; };
		4DB621C11D4E56B700E1F528 /* Week.m */ = {isa = PBXFileReference; fileEncoding = 4; lastKnownFileType = sourcecode.c.objc; path = Week.m; sourceTree = "<group>"; };
		4DD47C971D4D3240008D64A7 /* StatsViewController.h */ = {isa = PBXFileReference; fileEncoding = 4; lastKnownFileType = sourcecode.c.h; path = StatsViewController.h; sourceTree = "<group>"; };
		4DD47C981D4D3240008D64A7 /* StatsViewController.m */ = {isa = PBXFileReference; fileEncoding = 4; lastKnownFileType = sourcecode.c.objc; path = StatsViewController.m; sourceTree = "<group>"; };
		4DF2411B1D461F0600AF4F1A /* MOTMViewController.h */ = {isa = PBXFileReference; fileEncoding = 4; lastKnownFileType = sourcecode.c.h; path = MOTMViewController.h; sourceTree = "<group>"; };
		4DF2411C1D461F0600AF4F1A /* MOTMViewController.m */ = {isa = PBXFileReference; fileEncoding = 4; lastKnownFileType = sourcecode.c.objc; path = MOTMViewController.m; sourceTree = "<group>"; };
		4DF2411E1D46302100AF4F1A /* Month.h */ = {isa = PBXFileReference; fileEncoding = 4; lastKnownFileType = sourcecode.c.h; path = Month.h; sourceTree = "<group>"; };
		4DF2411F1D46302100AF4F1A /* Month.m */ = {isa = PBXFileReference; fileEncoding = 4; lastKnownFileType = sourcecode.c.objc; path = Month.m; sourceTree = "<group>"; };
		4DF241211D463F9900AF4F1A /* TeamDetailViewController.h */ = {isa = PBXFileReference; fileEncoding = 4; lastKnownFileType = sourcecode.c.h; path = TeamDetailViewController.h; sourceTree = "<group>"; };
		4DF241221D463F9900AF4F1A /* TeamDetailViewController.m */ = {isa = PBXFileReference; fileEncoding = 4; lastKnownFileType = sourcecode.c.objc; path = TeamDetailViewController.m; sourceTree = "<group>"; };
/* End PBXFileReference section */

/* Begin PBXFrameworksBuildPhase section */
		4D3B56611D44E1EA00267C95 /* Frameworks */ = {
			isa = PBXFrameworksBuildPhase;
			buildActionMask = 2147483647;
			files = (
				4D2A9A511D47DF6700DCDB15 /* AirshipKit.framework in Frameworks */,
				4D7054731D4A6EDB0039B4AE /* Crashlytics.framework in Frameworks */,
				4D7054721D4A6EDB0039B4AE /* Fabric.framework in Frameworks */,
			);
			runOnlyForDeploymentPostprocessing = 0;
		};
		4D3B567D1D44E1EA00267C95 /* Frameworks */ = {
			isa = PBXFrameworksBuildPhase;
			buildActionMask = 2147483647;
			files = (
			);
			runOnlyForDeploymentPostprocessing = 0;
		};
/* End PBXFrameworksBuildPhase section */

/* Begin PBXGroup section */
		4D2A9A4C1D47DF2000DCDB15 /* Products */ = {
			isa = PBXGroup;
			children = (
				4D2A9A501D47DF2000DCDB15 /* AirshipKit.framework */,
			);
			name = Products;
			sourceTree = "<group>";
		};
		4D3B565B1D44E1EA00267C95 = {
			isa = PBXGroup;
			children = (
				4D7054701D4A6EDB0039B4AE /* Fabric.framework */,
				4D7054711D4A6EDB0039B4AE /* Crashlytics.framework */,
				4D2A9A561D47DFC700DCDB15 /* AirshipConfig.plist */,
				4D2A9A4B1D47DF2000DCDB15 /* AirshipKit.xcodeproj */,
				4D2A9A471D47DEF600DCDB15 /* Airship */,
				4D2A9A491D47DF0100DCDB15 /* AirshipKit */,
				4D3B56661D44E1EA00267C95 /* FantasyFootball */,
				4D3B56831D44E1EA00267C95 /* FantasyFootballUITests */,
				4D3B56651D44E1EA00267C95 /* Products */,
			);
			sourceTree = "<group>";
		};
		4D3B56651D44E1EA00267C95 /* Products */ = {
			isa = PBXGroup;
			children = (
				4D3B56641D44E1EA00267C95 /* FantasyFootball.app */,
				4D3B56801D44E1EA00267C95 /* FantasyFootballUITests.xctest */,
			);
			name = Products;
			sourceTree = "<group>";
		};
		4D3B56661D44E1EA00267C95 /* FantasyFootball */ = {
			isa = PBXGroup;
			children = (
				4D3B569A1D4504FE00267C95 /* Models */,
				4D3B56A31D45165600267C95 /* Managers */,
				4D3B566A1D44E1EA00267C95 /* AppDelegate.h */,
				4D3B566B1D44E1EA00267C95 /* AppDelegate.m */,
				4D3B56941D44FD7000267C95 /* LeagueViewController.h */,
				4D3B56951D44FD7000267C95 /* LeagueViewController.m */,
				4DF2411B1D461F0600AF4F1A /* MOTMViewController.h */,
				4DF2411C1D461F0600AF4F1A /* MOTMViewController.m */,
				4D3B56A51D453CF900267C95 /* GoldenBootViewController.h */,
				4D3B56A61D453D0300267C95 /* GoldenBootViewController.m */,
				4DF241211D463F9900AF4F1A /* TeamDetailViewController.h */,
				4DF241221D463F9900AF4F1A /* TeamDetailViewController.m */,
				4D2A99CF1D4762FA00DCDB15 /* WhoAreYaViewController.h */,
				4D2A99D01D4762FA00DCDB15 /* WhoAreYaViewController.m */,
				4DD47C971D4D3240008D64A7 /* StatsViewController.h */,
				4DD47C981D4D3240008D64A7 /* StatsViewController.m */,
				4D2A99CC1D47628500DCDB15 /* DismissSegue.h */,
				4D2A99CD1D47628500DCDB15 /* DismissSegue.m */,
				4D2A99C91D47566800DCDB15 /* Util.h */,
				4D2A99CA1D47566800DCDB15 /* Util.m */,
				4D2A9A581D48B49E00DCDB15 /* Constants.h */,
				4D3B56A41D45167900267C95 /* Resources */,
				4D3B56671D44E1EA00267C95 /* Supporting Files */,
			);
			path = FantasyFootball;
			sourceTree = "<group>";
		};
		4D3B56671D44E1EA00267C95 /* Supporting Files */ = {
			isa = PBXGroup;
			children = (
				4D3B56681D44E1EA00267C95 /* main.m */,
			);
			name = "Supporting Files";
			sourceTree = "<group>";
		};
		4D3B56831D44E1EA00267C95 /* FantasyFootballUITests */ = {
			isa = PBXGroup;
			children = (
				4D3B56841D44E1EA00267C95 /* FantasyFootballUITests.m */,
				4D3B56861D44E1EA00267C95 /* Info.plist */,
			);
			path = FantasyFootballUITests;
			sourceTree = "<group>";
		};
		4D3B569A1D4504FE00267C95 /* Models */ = {
			isa = PBXGroup;
			children = (
				4D3B56971D4504F400267C95 /* Team.h */,
				4D3B56981D4504F400267C95 /* Team.m */,
				4DB621BD1D4E199800E1F528 /* TeamWeek.h */,
				4DB621BE1D4E199800E1F528 /* TeamWeek.m */,
				4DF2411E1D46302100AF4F1A /* Month.h */,
				4DF2411F1D46302100AF4F1A /* Month.m */,
				4DB621C01D4E56B700E1F528 /* Week.h */,
				4DB621C11D4E56B700E1F528 /* Week.m */,
			);
			name = Models;
			sourceTree = "<group>";
		};
		4D3B56A31D45165600267C95 /* Managers */ = {
			isa = PBXGroup;
			children = (
				4D3B56A01D4515F000267C95 /* TeamManager.h */,
				4D3B56A11D4515F000267C95 /* TeamManager.m */,
				4D3B569D1D45137F00267C95 /* SettingsManager.h */,
				4D3B569E1D45137F00267C95 /* SettingsManager.m */,
			);
			name = Managers;
			sourceTree = "<group>";
		};
		4D3B56A41D45167900267C95 /* Resources */ = {
			isa = PBXGroup;
			children = (
				4D3B56731D44E1EA00267C95 /* Main.storyboard */,
				4D3B56781D44E1EA00267C95 /* LaunchScreen.storyboard */,
				4D3B56761D44E1EA00267C95 /* Assets.xcassets */,
				4D3B567B1D44E1EA00267C95 /* Info.plist */,
				4D3B569B1D4512D400267C95 /* teams.json */,
				4D70546D1D4A4FF80039B4AE /* teams_test.json */,
			);
			name = Resources;
			sourceTree = "<group>";
		};
/* End PBXGroup section */

/* Begin PBXNativeTarget section */
		4D3B56631D44E1EA00267C95 /* FantasyFootball */ = {
			isa = PBXNativeTarget;
			buildConfigurationList = 4D3B56891D44E1EA00267C95 /* Build configuration list for PBXNativeTarget "FantasyFootball" */;
			buildPhases = (
				4D3B56601D44E1EA00267C95 /* Sources */,
				4D3B56611D44E1EA00267C95 /* Frameworks */,
				4D3B56621D44E1EA00267C95 /* Resources */,
				4D2A9A551D47DF6800DCDB15 /* Embed Frameworks */,
				4D70546F1D4A6EA80039B4AE /* ShellScript */,
			);
			buildRules = (
			);
			dependencies = (
				4D2A9A541D47DF6700DCDB15 /* PBXTargetDependency */,
			);
			name = FantasyFootball;
			productName = FantasyFootball;
			productReference = 4D3B56641D44E1EA00267C95 /* FantasyFootball.app */;
			productType = "com.apple.product-type.application";
		};
		4D3B567F1D44E1EA00267C95 /* FantasyFootballUITests */ = {
			isa = PBXNativeTarget;
			buildConfigurationList = 4D3B568C1D44E1EA00267C95 /* Build configuration list for PBXNativeTarget "FantasyFootballUITests" */;
			buildPhases = (
				4D3B567C1D44E1EA00267C95 /* Sources */,
				4D3B567D1D44E1EA00267C95 /* Frameworks */,
				4D3B567E1D44E1EA00267C95 /* Resources */,
			);
			buildRules = (
			);
			dependencies = (
				4D3B56821D44E1EA00267C95 /* PBXTargetDependency */,
			);
			name = FantasyFootballUITests;
			productName = FantasyFootballUITests;
			productReference = 4D3B56801D44E1EA00267C95 /* FantasyFootballUITests.xctest */;
			productType = "com.apple.product-type.bundle.ui-testing";
		};
/* End PBXNativeTarget section */

/* Begin PBXProject section */
		4D3B565C1D44E1EA00267C95 /* Project object */ = {
			isa = PBXProject;
			attributes = {
				LastUpgradeCheck = 0720;
				ORGANIZATIONNAME = "MH Riley";
				TargetAttributes = {
					4D3B56631D44E1EA00267C95 = {
						CreatedOnToolsVersion = 7.2;
						DevelopmentTeam = W2V2ML3BSE;
						SystemCapabilities = {
							com.apple.Push = {
								enabled = 1;
							};
						};
					};
					4D3B567F1D44E1EA00267C95 = {
						CreatedOnToolsVersion = 7.2;
						TestTargetID = 4D3B56631D44E1EA00267C95;
					};
				};
			};
			buildConfigurationList = 4D3B565F1D44E1EA00267C95 /* Build configuration list for PBXProject "FantasyFootball" */;
			compatibilityVersion = "Xcode 3.2";
			developmentRegion = English;
			hasScannedForEncodings = 0;
			knownRegions = (
				en,
				Base,
			);
			mainGroup = 4D3B565B1D44E1EA00267C95;
			productRefGroup = 4D3B56651D44E1EA00267C95 /* Products */;
			projectDirPath = "";
			projectReferences = (
				{
					ProductGroup = 4D2A9A4C1D47DF2000DCDB15 /* Products */;
					ProjectRef = 4D2A9A4B1D47DF2000DCDB15 /* AirshipKit.xcodeproj */;
				},
			);
			projectRoot = "";
			targets = (
				4D3B56631D44E1EA00267C95 /* FantasyFootball */,
				4D3B567F1D44E1EA00267C95 /* FantasyFootballUITests */,
			);
		};
/* End PBXProject section */

/* Begin PBXReferenceProxy section */
		4D2A9A501D47DF2000DCDB15 /* AirshipKit.framework */ = {
			isa = PBXReferenceProxy;
			fileType = wrapper.framework;
			path = AirshipKit.framework;
			remoteRef = 4D2A9A4F1D47DF2000DCDB15 /* PBXContainerItemProxy */;
			sourceTree = BUILT_PRODUCTS_DIR;
		};
/* End PBXReferenceProxy section */

/* Begin PBXResourcesBuildPhase section */
		4D3B56621D44E1EA00267C95 /* Resources */ = {
			isa = PBXResourcesBuildPhase;
			buildActionMask = 2147483647;
			files = (
				4D70546E1D4A4FF80039B4AE /* teams_test.json in Resources */,
				4D3B569C1D4512D400267C95 /* teams.json in Resources */,
				4D2A9A571D47DFC700DCDB15 /* AirshipConfig.plist in Resources */,
				4D3B567A1D44E1EA00267C95 /* LaunchScreen.storyboard in Resources */,
				4D3B56771D44E1EA00267C95 /* Assets.xcassets in Resources */,
				4D2A9A481D47DEF600DCDB15 /* Airship in Resources */,
				4D2A9A4A1D47DF0100DCDB15 /* AirshipKit in Resources */,
				4D3B56751D44E1EA00267C95 /* Main.storyboard in Resources */,
			);
			runOnlyForDeploymentPostprocessing = 0;
		};
		4D3B567E1D44E1EA00267C95 /* Resources */ = {
			isa = PBXResourcesBuildPhase;
			buildActionMask = 2147483647;
			files = (
			);
			runOnlyForDeploymentPostprocessing = 0;
		};
/* End PBXResourcesBuildPhase section */

/* Begin PBXShellScriptBuildPhase section */
		4D70546F1D4A6EA80039B4AE /* ShellScript */ = {
			isa = PBXShellScriptBuildPhase;
			buildActionMask = 2147483647;
			files = (
			);
			inputPaths = (
			);
			outputPaths = (
			);
			runOnlyForDeploymentPostprocessing = 0;
			shellPath = /bin/sh;
			shellScript = "./Fabric.framework/run 2ee48ac33199b3be2faeaee514e2a7208e7e0f13 820dd44aafa688841cece3950a84c29cb49215e2b6e7e7bc8b4d34094b100839";
		};
/* End PBXShellScriptBuildPhase section */

/* Begin PBXSourcesBuildPhase section */
		4D3B56601D44E1EA00267C95 /* Sources */ = {
			isa = PBXSourcesBuildPhase;
			buildActionMask = 2147483647;
			files = (
				4D2A99CE1D47628500DCDB15 /* DismissSegue.m in Sources */,
				4D2A99CB1D47566800DCDB15 /* Util.m in Sources */,
				4D3B56961D44FD7000267C95 /* LeagueViewController.m in Sources */,
				4D3B56A21D4515F000267C95 /* TeamManager.m in Sources */,
				4D3B569F1D45137F00267C95 /* SettingsManager.m in Sources */,
				4D3B56A71D453D0300267C95 /* GoldenBootViewController.m in Sources */,
				4DF241201D46302100AF4F1A /* Month.m in Sources */,
				4DF2411D1D461F0600AF4F1A /* MOTMViewController.m in Sources */,
				4D3B566C1D44E1EA00267C95 /* AppDelegate.m in Sources */,
				4D3B56991D4504F400267C95 /* Team.m in Sources */,
				4D2A99D11D4762FA00DCDB15 /* WhoAreYaViewController.m in Sources */,
				4DF241231D463F9900AF4F1A /* TeamDetailViewController.m in Sources */,
				4DD47C991D4D3240008D64A7 /* StatsViewController.m in Sources */,
				4DB621C21D4E56B700E1F528 /* Week.m in Sources */,
				4DB621BF1D4E199800E1F528 /* TeamWeek.m in Sources */,
				4D3B56691D44E1EA00267C95 /* main.m in Sources */,
			);
			runOnlyForDeploymentPostprocessing = 0;
		};
		4D3B567C1D44E1EA00267C95 /* Sources */ = {
			isa = PBXSourcesBuildPhase;
			buildActionMask = 2147483647;
			files = (
				4D3B56851D44E1EA00267C95 /* FantasyFootballUITests.m in Sources */,
			);
			runOnlyForDeploymentPostprocessing = 0;
		};
/* End PBXSourcesBuildPhase section */

/* Begin PBXTargetDependency section */
		4D2A9A541D47DF6700DCDB15 /* PBXTargetDependency */ = {
			isa = PBXTargetDependency;
			name = AirshipKit;
			targetProxy = 4D2A9A531D47DF6700DCDB15 /* PBXContainerItemProxy */;
		};
		4D3B56821D44E1EA00267C95 /* PBXTargetDependency */ = {
			isa = PBXTargetDependency;
			target = 4D3B56631D44E1EA00267C95 /* FantasyFootball */;
			targetProxy = 4D3B56811D44E1EA00267C95 /* PBXContainerItemProxy */;
		};
/* End PBXTargetDependency section */

/* Begin PBXVariantGroup section */
		4D3B56731D44E1EA00267C95 /* Main.storyboard */ = {
			isa = PBXVariantGroup;
			children = (
				4D3B56741D44E1EA00267C95 /* Base */,
			);
			name = Main.storyboard;
			sourceTree = "<group>";
		};
		4D3B56781D44E1EA00267C95 /* LaunchScreen.storyboard */ = {
			isa = PBXVariantGroup;
			children = (
				4D3B56791D44E1EA00267C95 /* Base */,
			);
			name = LaunchScreen.storyboard;
			sourceTree = "<group>";
		};
/* End PBXVariantGroup section */

/* Begin XCBuildConfiguration section */
		4D3B56871D44E1EA00267C95 /* Debug */ = {
			isa = XCBuildConfiguration;
			buildSettings = {
				ALWAYS_SEARCH_USER_PATHS = NO;
				CLANG_CXX_LANGUAGE_STANDARD = "gnu++0x";
				CLANG_CXX_LIBRARY = "libc++";
				CLANG_ENABLE_MODULES = YES;
				CLANG_ENABLE_OBJC_ARC = YES;
				CLANG_WARN_BOOL_CONVERSION = YES;
				CLANG_WARN_CONSTANT_CONVERSION = YES;
				CLANG_WARN_DIRECT_OBJC_ISA_USAGE = YES_ERROR;
				CLANG_WARN_EMPTY_BODY = YES;
				CLANG_WARN_ENUM_CONVERSION = YES;
				CLANG_WARN_INT_CONVERSION = YES;
				CLANG_WARN_OBJC_ROOT_CLASS = YES_ERROR;
				CLANG_WARN_UNREACHABLE_CODE = YES;
				CLANG_WARN__DUPLICATE_METHOD_MATCH = YES;
				"CODE_SIGN_IDENTITY[sdk=iphoneos*]" = "iPhone Developer";
				COPY_PHASE_STRIP = NO;
				DEBUG_INFORMATION_FORMAT = dwarf;
				ENABLE_STRICT_OBJC_MSGSEND = YES;
				ENABLE_TESTABILITY = YES;
				GCC_C_LANGUAGE_STANDARD = gnu99;
				GCC_DYNAMIC_NO_PIC = NO;
				GCC_NO_COMMON_BLOCKS = YES;
				GCC_OPTIMIZATION_LEVEL = 0;
				GCC_PREPROCESSOR_DEFINITIONS = (
					"DEBUG=1",
					"$(inherited)",
				);
				GCC_WARN_64_TO_32_BIT_CONVERSION = YES;
				GCC_WARN_ABOUT_RETURN_TYPE = YES_ERROR;
				GCC_WARN_UNDECLARED_SELECTOR = YES;
				GCC_WARN_UNINITIALIZED_AUTOS = YES_AGGRESSIVE;
				GCC_WARN_UNUSED_FUNCTION = YES;
				GCC_WARN_UNUSED_VARIABLE = YES;
				IPHONEOS_DEPLOYMENT_TARGET = 9.2;
				MTL_ENABLE_DEBUG_INFO = YES;
				ONLY_ACTIVE_ARCH = YES;
				SDKROOT = iphoneos;
				TARGETED_DEVICE_FAMILY = "1,2";
			};
			name = Debug;
		};
		4D3B56881D44E1EA00267C95 /* Release */ = {
			isa = XCBuildConfiguration;
			buildSettings = {
				ALWAYS_SEARCH_USER_PATHS = NO;
				CLANG_CXX_LANGUAGE_STANDARD = "gnu++0x";
				CLANG_CXX_LIBRARY = "libc++";
				CLANG_ENABLE_MODULES = YES;
				CLANG_ENABLE_OBJC_ARC = YES;
				CLANG_WARN_BOOL_CONVERSION = YES;
				CLANG_WARN_CONSTANT_CONVERSION = YES;
				CLANG_WARN_DIRECT_OBJC_ISA_USAGE = YES_ERROR;
				CLANG_WARN_EMPTY_BODY = YES;
				CLANG_WARN_ENUM_CONVERSION = YES;
				CLANG_WARN_INT_CONVERSION = YES;
				CLANG_WARN_OBJC_ROOT_CLASS = YES_ERROR;
				CLANG_WARN_UNREACHABLE_CODE = YES;
				CLANG_WARN__DUPLICATE_METHOD_MATCH = YES;
				"CODE_SIGN_IDENTITY[sdk=iphoneos*]" = "iPhone Developer";
				COPY_PHASE_STRIP = NO;
				DEBUG_INFORMATION_FORMAT = "dwarf-with-dsym";
				ENABLE_NS_ASSERTIONS = NO;
				ENABLE_STRICT_OBJC_MSGSEND = YES;
				GCC_C_LANGUAGE_STANDARD = gnu99;
				GCC_NO_COMMON_BLOCKS = YES;
				GCC_WARN_64_TO_32_BIT_CONVERSION = YES;
				GCC_WARN_ABOUT_RETURN_TYPE = YES_ERROR;
				GCC_WARN_UNDECLARED_SELECTOR = YES;
				GCC_WARN_UNINITIALIZED_AUTOS = YES_AGGRESSIVE;
				GCC_WARN_UNUSED_FUNCTION = YES;
				GCC_WARN_UNUSED_VARIABLE = YES;
				IPHONEOS_DEPLOYMENT_TARGET = 9.2;
				MTL_ENABLE_DEBUG_INFO = NO;
				SDKROOT = iphoneos;
				TARGETED_DEVICE_FAMILY = "1,2";
				VALIDATE_PRODUCT = YES;
			};
			name = Release;
		};
		4D3B568A1D44E1EA00267C95 /* Debug */ = {
			isa = XCBuildConfiguration;
			buildSettings = {
				ASSETCATALOG_COMPILER_APPICON_NAME = AppIcon;
				CODE_SIGN_IDENTITY = "iPhone Developer";
				"CODE_SIGN_IDENTITY[sdk=iphoneos*]" = "iPhone Developer";
				DEBUG_INFORMATION_FORMAT = "dwarf-with-dsym";
				ENABLE_BITCODE = NO;
				FRAMEWORK_SEARCH_PATHS = (
					"$(inherited)",
					"$(PROJECT_DIR)",
				);
				INFOPLIST_FILE = FantasyFootball/Info.plist;
				IPHONEOS_DEPLOYMENT_TARGET = 9.0;
				LD_RUNPATH_SEARCH_PATHS = "$(inherited) @executable_path/Frameworks";
				LIBRARY_SEARCH_PATHS = (
					"$(inherited)",
					"$(PROJECT_DIR)/Airship",
				);
				PRODUCT_BUNDLE_IDENTIFIER = com.mhriley.FantasyFootball;
				PRODUCT_NAME = "$(TARGET_NAME)";
				PROVISIONING_PROFILE = "";
			};
			name = Debug;
		};
		4D3B568B1D44E1EA00267C95 /* Release */ = {
			isa = XCBuildConfiguration;
			buildSettings = {
				ASSETCATALOG_COMPILER_APPICON_NAME = AppIcon;
				CODE_SIGN_IDENTITY = "iPhone Distribution";
				"CODE_SIGN_IDENTITY[sdk=iphoneos*]" = "iPhone Distribution";
				ENABLE_BITCODE = NO;
				FRAMEWORK_SEARCH_PATHS = (
					"$(inherited)",
					"$(PROJECT_DIR)",
				);
				INFOPLIST_FILE = FantasyFootball/Info.plist;
				IPHONEOS_DEPLOYMENT_TARGET = 9.0;
				LD_RUNPATH_SEARCH_PATHS = "$(inherited) @executable_path/Frameworks";
				LIBRARY_SEARCH_PATHS = (
					"$(inherited)",
					"$(PROJECT_DIR)/Airship",
				);
				ONLY_ACTIVE_ARCH = YES;
				PRODUCT_BUNDLE_IDENTIFIER = com.mhriley.FantasyFootball;
				PRODUCT_NAME = "$(TARGET_NAME)";
				PROVISIONING_PROFILE = "fc9bfaa2-bcba-4fdc-a3cb-9fc789c18dd9";
			};
			name = Release;
		};
		4D3B568D1D44E1EA00267C95 /* Debug */ = {
			isa = XCBuildConfiguration;
			buildSettings = {
				INFOPLIST_FILE = FantasyFootballUITests/Info.plist;
				LD_RUNPATH_SEARCH_PATHS = "$(inherited) @executable_path/Frameworks @loader_path/Frameworks";
				PRODUCT_BUNDLE_IDENTIFIER = com.mhriley.FantasyFootballUITests;
				PRODUCT_NAME = "$(TARGET_NAME)";
				TEST_TARGET_NAME = FantasyFootball;
				USES_XCTRUNNER = YES;
			};
			name = Debug;
		};
		4D3B568E1D44E1EA00267C95 /* Release */ = {
			isa = XCBuildConfiguration;
			buildSettings = {
				INFOPLIST_FILE = FantasyFootballUITests/Info.plist;
				LD_RUNPATH_SEARCH_PATHS = "$(inherited) @executable_path/Frameworks @loader_path/Frameworks";
				PRODUCT_BUNDLE_IDENTIFIER = com.mhriley.FantasyFootballUITests;
				PRODUCT_NAME = "$(TARGET_NAME)";
				TEST_TARGET_NAME = FantasyFootball;
				USES_XCTRUNNER = YES;
			};
			name = Release;
		};
/* End XCBuildConfiguration section */

/* Begin XCConfigurationList section */
		4D3B565F1D44E1EA00267C95 /* Build configuration list for PBXProject "FantasyFootball" */ = {
			isa = XCConfigurationList;
			buildConfigurations = (
				4D3B56871D44E1EA00267C95 /* Debug */,
				4D3B56881D44E1EA00267C95 /* Release */,
			);
			defaultConfigurationIsVisible = 0;
			defaultConfigurationName = Release;
		};
		4D3B56891D44E1EA00267C95 /* Build configuration list for PBXNativeTarget "FantasyFootball" */ = {
			isa = XCConfigurationList;
			buildConfigurations = (
				4D3B568A1D44E1EA00267C95 /* Debug */,
				4D3B568B1D44E1EA00267C95 /* Release */,
			);
			defaultConfigurationIsVisible = 0;
			defaultConfigurationName = Release;
		};
		4D3B568C1D44E1EA00267C95 /* Build configuration list for PBXNativeTarget "FantasyFootballUITests" */ = {
			isa = XCConfigurationList;
			buildConfigurations = (
				4D3B568D1D44E1EA00267C95 /* Debug */,
				4D3B568E1D44E1EA00267C95 /* Release */,
			);
			defaultConfigurationIsVisible = 0;
			defaultConfigurationName = Release;
		};
/* End XCConfigurationList section */
	};
	rootObject = 4D3B565C1D44E1EA00267C95 /* Project object */;
}
